// !$*UTF8*$!
{
	archiveVersion = 1;
	classes = {
	};
	objectVersion = 70;
	objects = {

/* Begin PBXBuildFile section */
		4613A7F32CCF2A1F0070034C /* FirebaseAuth in Frameworks */ = {isa = PBXBuildFile; productRef = 4613A7F22CCF2A1F0070034C /* FirebaseAuth */; };
		4613A7F62CCF2A7E0070034C /* GoogleSignIn in Frameworks */ = {isa = PBXBuildFile; productRef = 4613A7F52CCF2A7E0070034C /* GoogleSignIn */; };
		4613A7F82CCF2A7E0070034C /* GoogleSignInSwift in Frameworks */ = {isa = PBXBuildFile; productRef = 4613A7F72CCF2A7E0070034C /* GoogleSignInSwift */; };
		46222A532C712CBA001678DF /* FirebaseDatabase in Frameworks */ = {isa = PBXBuildFile; productRef = 46222A522C712CBA001678DF /* FirebaseDatabase */; };
		46222A552C712D15001678DF /* FirebaseDatabase in Frameworks */ = {isa = PBXBuildFile; productRef = 46222A542C712D15001678DF /* FirebaseDatabase */; };
		46222A572C712D15001678DF /* FirebaseInstallations in Frameworks */ = {isa = PBXBuildFile; productRef = 46222A562C712D15001678DF /* FirebaseInstallations */; };
		4635E3692EFDEF93004A541C /* GoogleService-Info.plist in Resources */ = {isa = PBXBuildFile; fileRef = 4635E3682EFDEF93004A541C /* GoogleService-Info.plist */; };
		464001B62F08853F00A8C905 /* NewsViewModel.swift in Sources */ = {isa = PBXBuildFile; fileRef = 4640019A2F08853F00A8C905 /* NewsViewModel.swift */; };
		464001B72F08853F00A8C905 /* UIView+Layout.swift in Sources */ = {isa = PBXBuildFile; fileRef = 464001712F08853F00A8C905 /* UIView+Layout.swift */; };
		464001BA2F08853F00A8C905 /* FavoritosViewModel.swift in Sources */ = {isa = PBXBuildFile; fileRef = 464001972F08853F00A8C905 /* FavoritosViewModel.swift */; };
		464001BB2F08853F00A8C905 /* TeamsRepository.swift in Sources */ = {isa = PBXBuildFile; fileRef = 464001812F08853F00A8C905 /* TeamsRepository.swift */; };
		464001BD2F08853F00A8C905 /* Color+Extension.swift in Sources */ = {isa = PBXBuildFile; fileRef = 4640016F2F08853F00A8C905 /* Color+Extension.swift */; };
		464001C02F08853F00A8C905 /* JornadasRepository.swift in Sources */ = {isa = PBXBuildFile; fileRef = 4640017E2F08853F00A8C905 /* JornadasRepository.swift */; };
		464001C12F08853F00A8C905 /* EquipoTableViewCell.swift in Sources */ = {isa = PBXBuildFile; fileRef = 4640018F2F08853F00A8C905 /* EquipoTableViewCell.swift */; };
		464001C22F08853F00A8C905 /* HeaderView.swift in Sources */ = {isa = PBXBuildFile; fileRef = 464001902F08853F00A8C905 /* HeaderView.swift */; };
		464001C32F08853F00A8C905 /* TorneoType.swift in Sources */ = {isa = PBXBuildFile; fileRef = 464001782F08853F00A8C905 /* TorneoType.swift */; };
		464001C42F08853F00A8C905 /* EquipoPeruano.swift in Sources */ = {isa = PBXBuildFile; fileRef = 464001742F08853F00A8C905 /* EquipoPeruano.swift */; };
		464001C92F08853F00A8C905 /* ProfileViewModel.swift in Sources */ = {isa = PBXBuildFile; fileRef = 4640019B2F08853F00A8C905 /* ProfileViewModel.swift */; };
		464001CD2F08853F00A8C905 /* MatchesRepository.swift in Sources */ = {isa = PBXBuildFile; fileRef = 4640017F2F08853F00A8C905 /* MatchesRepository.swift */; };
		464001CE2F08853F00A8C905 /* UIStackView+Builder.swift in Sources */ = {isa = PBXBuildFile; fileRef = 464001702F08853F00A8C905 /* UIStackView+Builder.swift */; };
		464001D02F08853F00A8C905 /* LoginViewModel.swift in Sources */ = {isa = PBXBuildFile; fileRef = 464001992F08853F00A8C905 /* LoginViewModel.swift */; };
		464001D12F08853F00A8C905 /* AdminMatchRepository.swift in Sources */ = {isa = PBXBuildFile; fileRef = 4640017D2F08853F00A8C905 /* AdminMatchRepository.swift */; };
		464001D22F08853F00A8C905 /* AuthService.swift in Sources */ = {isa = PBXBuildFile; fileRef = 464001832F08853F00A8C905 /* AuthService.swift */; };
		464001D42F08853F00A8C905 /* LayoutPresets.swift in Sources */ = {isa = PBXBuildFile; fileRef = 464001762F08853F00A8C905 /* LayoutPresets.swift */; };
		464001D52F08853F00A8C905 /* HomeViewModel.swift in Sources */ = {isa = PBXBuildFile; fileRef = 464001982F08853F00A8C905 /* HomeViewModel.swift */; };
		464001D72F08853F00A8C905 /* NewsRepository.swift in Sources */ = {isa = PBXBuildFile; fileRef = 464001802F08853F00A8C905 /* NewsRepository.swift */; };
		464001D92F08853F00A8C905 /* NewsCell.swift in Sources */ = {isa = PBXBuildFile; fileRef = 464001922F08853F00A8C905 /* NewsCell.swift */; };
		464001DA2F08853F00A8C905 /* TorneoViewModel.swift in Sources */ = {isa = PBXBuildFile; fileRef = 4640019C2F08853F00A8C905 /* TorneoViewModel.swift */; };
		464001DB2F08853F00A8C905 /* MatchTableViewCell.swift in Sources */ = {isa = PBXBuildFile; fileRef = 464001912F08853F00A8C905 /* MatchTableViewCell.swift */; };
		464001DD2F08853F00A8C905 /* TablePosition.swift in Sources */ = {isa = PBXBuildFile; fileRef = 464001772F08853F00A8C905 /* TablePosition.swift */; };
		464001DE2F08853F00A8C905 /* NewsHeaderView.swift in Sources */ = {isa = PBXBuildFile; fileRef = 464001932F08853F00A8C905 /* NewsHeaderView.swift */; };
		464001E12F08853F00A8C905 /* FavoritesService.swift in Sources */ = {isa = PBXBuildFile; fileRef = 464001842F08853F00A8C905 /* FavoritesService.swift */; };
		464009B42F098D2000A8C905 /* UIViewController+Alert.swift in Sources */ = {isa = PBXBuildFile; fileRef = 464009B32F098D2000A8C905 /* UIViewController+Alert.swift */; };
		464009BB2F098D4F00A8C905 /* Logger.swift in Sources */ = {isa = PBXBuildFile; fileRef = 464009B92F098D4F00A8C905 /* Logger.swift */; };
		464009BC2F098D4F00A8C905 /* FirestoreConstants.swift in Sources */ = {isa = PBXBuildFile; fileRef = 464009B52F098D4F00A8C905 /* FirestoreConstants.swift */; };
		464009BD2F098D4F00A8C905 /* FirestoreManager.swift in Sources */ = {isa = PBXBuildFile; fileRef = 464009B72F098D4F00A8C905 /* FirestoreManager.swift */; };
		464009CF2F098D8D00A8C905 /* LogoutUseCase.swift in Sources */ = {isa = PBXBuildFile; fileRef = 464009C12F098D8D00A8C905 /* LogoutUseCase.swift */; };
		464009D02F098D8D00A8C905 /* LoginUseCase.swift in Sources */ = {isa = PBXBuildFile; fileRef = 464009C02F098D8D00A8C905 /* LoginUseCase.swift */; };
		464009D12F098D8D00A8C905 /* FetchTeamsUseCase.swift in Sources */ = {isa = PBXBuildFile; fileRef = 464009CD2F098D8D00A8C905 /* FetchTeamsUseCase.swift */; };
		464009D22F098D8D00A8C905 /* FetchActiveJornadasUseCase.swift in Sources */ = {isa = PBXBuildFile; fileRef = 464009C72F098D8D00A8C905 /* FetchActiveJornadasUseCase.swift */; };
		464009D32F098D8D00A8C905 /* ObserveFavoritesUseCase.swift in Sources */ = {isa = PBXBuildFile; fileRef = 464009C42F098D8D00A8C905 /* ObserveFavoritesUseCase.swift */; };
		464009D42F098D8D00A8C905 /* FetchNewsUseCase.swift in Sources */ = {isa = PBXBuildFile; fileRef = 464009CB2F098D8D00A8C905 /* FetchNewsUseCase.swift */; };
		464009D52F098D8D00A8C905 /* FetchFavoriteMatchesUseCase.swift in Sources */ = {isa = PBXBuildFile; fileRef = 464009C32F098D8D00A8C905 /* FetchFavoriteMatchesUseCase.swift */; };
		464009D62F098D8D00A8C905 /* RegisterMatchesUseCase.swift in Sources */ = {isa = PBXBuildFile; fileRef = 464009BE2F098D8D00A8C905 /* RegisterMatchesUseCase.swift */; };
		464009D72F098D8D00A8C905 /* ToggleFavoriteUseCase.swift in Sources */ = {isa = PBXBuildFile; fileRef = 464009C52F098D8D00A8C905 /* ToggleFavoriteUseCase.swift */; };
		464009D82F098D8D00A8C905 /* FetchMatchesUseCase.swift in Sources */ = {isa = PBXBuildFile; fileRef = 464009C92F098D8D00A8C905 /* FetchMatchesUseCase.swift */; };
		464009DA2F098DBB00A8C905 /* RegistrarPartidosViewModel.swift in Sources */ = {isa = PBXBuildFile; fileRef = 464009D92F098DBB00A8C905 /* RegistrarPartidosViewModel.swift */; };
		464009F12F098DF600A8C905 /* NewsViewController.swift in Sources */ = {isa = PBXBuildFile; fileRef = 464009E62F098DF600A8C905 /* NewsViewController.swift */; };
		464009F32F098DF600A8C905 /* LoginViewController.swift in Sources */ = {isa = PBXBuildFile; fileRef = 464009E22F098DF600A8C905 /* LoginViewController.swift */; };
		464009F42F098DF600A8C905 /* HomeViewController.swift in Sources */ = {isa = PBXBuildFile; fileRef = 464009DF2F098DF600A8C905 /* HomeViewController.swift */; };
		464009F52F098DF600A8C905 /* MainTabBarController.swift in Sources */ = {isa = PBXBuildFile; fileRef = 464009EC2F098DF600A8C905 /* MainTabBarController.swift */; };
		464009F62F098DF600A8C905 /* ProfileViewController.swift in Sources */ = {isa = PBXBuildFile; fileRef = 464009E92F098DF600A8C905 /* ProfileViewController.swift */; };
		464009F72F098DF600A8C905 /* NewsHeaderWrapperCell.swift in Sources */ = {isa = PBXBuildFile; fileRef = 464009E52F098DF600A8C905 /* NewsHeaderWrapperCell.swift */; };
		464009F82F098DF600A8C905 /* TablaViewController.swift in Sources */ = {isa = PBXBuildFile; fileRef = 464009EE2F098DF600A8C905 /* TablaViewController.swift */; };
		464009F92F098DF600A8C905 /* TorneoViewController+TableView.swift in Sources */ = {isa = PBXBuildFile; fileRef = 464009EF2F098DF600A8C905 /* TorneoViewController+TableView.swift */; };
		464009FA2F098DF600A8C905 /* RegistrarPartidosViewController.swift in Sources */ = {isa = PBXBuildFile; fileRef = 464009DB2F098DF600A8C905 /* RegistrarPartidosViewController.swift */; };
		464009FB2F098DF600A8C905 /* ProfileViewController+TableView.swift in Sources */ = {isa = PBXBuildFile; fileRef = 464009EA2F098DF600A8C905 /* ProfileViewController+TableView.swift */; };
		464009FC2F098DF600A8C905 /* NewsViewController+TableView.swift in Sources */ = {isa = PBXBuildFile; fileRef = 464009E72F098DF600A8C905 /* NewsViewController+TableView.swift */; };
		464009FD2F098DF600A8C905 /* FavoritosViewController.swift in Sources */ = {isa = PBXBuildFile; fileRef = 464009DD2F098DF600A8C905 /* FavoritosViewController.swift */; };
		46400A002F098EB800A8C905 /* DIContainer.swift in Sources */ = {isa = PBXBuildFile; fileRef = 464009FE2F098EB800A8C905 /* DIContainer.swift */; };
		469E54332E765142001ECD36 /* SessionManager.swift in Sources */ = {isa = PBXBuildFile; fileRef = 469E54322E765141001ECD36 /* SessionManager.swift */; };
		469E54422E767199001ECD36 /* Kingfisher in Frameworks */ = {isa = PBXBuildFile; productRef = 469E54412E767199001ECD36 /* Kingfisher */; };
		46C874542F1B6C26008C3619 /* NotificationService.swift in Sources */ = {isa = PBXBuildFile; fileRef = 46C874532F1B6C26008C3619 /* NotificationService.swift */; };
		46C874572F1C053E008C3619 /* ObserveFavoriteTeamsUseCase.swift in Sources */ = {isa = PBXBuildFile; fileRef = 46C874552F1C053E008C3619 /* ObserveFavoriteTeamsUseCase.swift */; };
		46C874582F1C053E008C3619 /* ToggleFavoriteTeamUseCase.swift in Sources */ = {isa = PBXBuildFile; fileRef = 46C874562F1C053E008C3619 /* ToggleFavoriteTeamUseCase.swift */; };
		46C8745B2F1C055D008C3619 /* TeamTableViewCell.swift in Sources */ = {isa = PBXBuildFile; fileRef = 46C874592F1C055D008C3619 /* TeamTableViewCell.swift */; };
		46C8745D2F1C0576008C3619 /* TeamSearchModalViewController.swift in Sources */ = {isa = PBXBuildFile; fileRef = 46C8745C2F1C0576008C3619 /* TeamSearchModalViewController.swift */; };
		46C8746A2F1C2BC7008C3619 /* PushServiceExtension.appex in Embed Foundation Extensions */ = {isa = PBXBuildFile; fileRef = 46C874632F1C2BC6008C3619 /* PushServiceExtension.appex */; settings = {ATTRIBUTES = (RemoveHeadersOnCopy, ); }; };
		46CDF4712F1058A100F280E6 /* NewsCategory.swift in Sources */ = {isa = PBXBuildFile; fileRef = 46CDF4702F1058A100F280E6 /* NewsCategory.swift */; };
		46CDF4782F1061E600F280E6 /* Jornada.swift in Sources */ = {isa = PBXBuildFile; fileRef = 46CDF4722F1061E600F280E6 /* Jornada.swift */; };
		46CDF4822F1061FC00F280E6 /* JornadaDTO.swift in Sources */ = {isa = PBXBuildFile; fileRef = 46CDF4792F1061FC00F280E6 /* JornadaDTO.swift */; };
		46CDF4832F1061FC00F280E6 /* MatchDTO.swift in Sources */ = {isa = PBXBuildFile; fileRef = 46CDF47E2F1061FC00F280E6 /* MatchDTO.swift */; };
		46CDF4842F1061FC00F280E6 /* NewsItemDTO.swift in Sources */ = {isa = PBXBuildFile; fileRef = 46CDF47F2F1061FC00F280E6 /* NewsItemDTO.swift */; };
		46CDF4852F1061FC00F280E6 /* TeamDTO.swift in Sources */ = {isa = PBXBuildFile; fileRef = 46CDF4802F1061FC00F280E6 /* TeamDTO.swift */; };
		46CDF4882F10623000F280E6 /* JornadaUIMapper.swift in Sources */ = {isa = PBXBuildFile; fileRef = 46CDF4862F10623000F280E6 /* JornadaUIMapper.swift */; };
		46CDF48E2F10625B00F280E6 /* JornadaUI.swift in Sources */ = {isa = PBXBuildFile; fileRef = 46CDF4892F10625B00F280E6 /* JornadaUI.swift */; };
		46CDF4992F10685700F280E6 /* Match.swift in Sources */ = {isa = PBXBuildFile; fileRef = 46CDF4982F10685700F280E6 /* Match.swift */; };
		46CDF49B2F10686F00F280E6 /* MatchUI.swift in Sources */ = {isa = PBXBuildFile; fileRef = 46CDF49A2F10686F00F280E6 /* MatchUI.swift */; };
		46CDF4A12F1068A300F280E6 /* TeamMapper.swift in Sources */ = {isa = PBXBuildFile; fileRef = 46CDF49F2F1068A300F280E6 /* TeamMapper.swift */; };
		46CDF4A22F1068A300F280E6 /* JornadaMapper.swift in Sources */ = {isa = PBXBuildFile; fileRef = 46CDF49C2F1068A300F280E6 /* JornadaMapper.swift */; };
		46CDF4A32F1068A300F280E6 /* NewsItemMapper.swift in Sources */ = {isa = PBXBuildFile; fileRef = 46CDF49E2F1068A300F280E6 /* NewsItemMapper.swift */; };
		46CDF4A42F1068A300F280E6 /* MatchMapper.swift in Sources */ = {isa = PBXBuildFile; fileRef = 46CDF49D2F1068A300F280E6 /* MatchMapper.swift */; };
		46CDF4AB2F1086F100F280E6 /* NewsRepositoryProtocol.swift in Sources */ = {isa = PBXBuildFile; fileRef = 46CDF4A82F1086F100F280E6 /* NewsRepositoryProtocol.swift */; };
		46CDF4AC2F1086F100F280E6 /* AdminMatchRepositoryProtocol.swift in Sources */ = {isa = PBXBuildFile; fileRef = 46CDF4A52F1086F100F280E6 /* AdminMatchRepositoryProtocol.swift */; };
		46CDF4AD2F1086F100F280E6 /* MatchesRepositoryProtocol.swift in Sources */ = {isa = PBXBuildFile; fileRef = 46CDF4A72F1086F100F280E6 /* MatchesRepositoryProtocol.swift */; };
		46CDF4AE2F1086F100F280E6 /* JornadasRepositoryProtocol.swift in Sources */ = {isa = PBXBuildFile; fileRef = 46CDF4A62F1086F100F280E6 /* JornadasRepositoryProtocol.swift */; };
		46CDF4AF2F1086F100F280E6 /* TeamsRepositoryProtocol.swift in Sources */ = {isa = PBXBuildFile; fileRef = 46CDF4A92F1086F100F280E6 /* TeamsRepositoryProtocol.swift */; };
		46CDF4B12F10877B00F280E6 /* NewsItem.swift in Sources */ = {isa = PBXBuildFile; fileRef = 46CDF4B02F10877B00F280E6 /* NewsItem.swift */; };
		46CDF4B32F10878400F280E6 /* Team.swift in Sources */ = {isa = PBXBuildFile; fileRef = 46CDF4B22F10878400F280E6 /* Team.swift */; };
		46CDF4B72F10882800F280E6 /* MatchUIMapper.swift in Sources */ = {isa = PBXBuildFile; fileRef = 46CDF4B42F10882800F280E6 /* MatchUIMapper.swift */; };
		46CDF4B82F10882800F280E6 /* NewsItemUIMapper.swift in Sources */ = {isa = PBXBuildFile; fileRef = 46CDF4B52F10882800F280E6 /* NewsItemUIMapper.swift */; };
		46CDF4B92F10882800F280E6 /* TeamUIMapper.swift in Sources */ = {isa = PBXBuildFile; fileRef = 46CDF4B62F10882800F280E6 /* TeamUIMapper.swift */; };
		46CDF4BB2F10884600F280E6 /* NewsItemUI.swift in Sources */ = {isa = PBXBuildFile; fileRef = 46CDF4BA2F10884600F280E6 /* NewsItemUI.swift */; };
		46CDF4BD2F10885000F280E6 /* TeamUI.swift in Sources */ = {isa = PBXBuildFile; fileRef = 46CDF4BC2F10885000F280E6 /* TeamUI.swift */; };
		46CDF4BF2F10A09D00F280E6 /* DividerView.swift in Sources */ = {isa = PBXBuildFile; fileRef = 46CDF4BE2F10A09D00F280E6 /* DividerView.swift */; };
		46D8209B2F09D40900FAA836 /* DatabaseProtocol.swift in Sources */ = {isa = PBXBuildFile; fileRef = 46D8209A2F09D40900FAA836 /* DatabaseProtocol.swift */; };
		46D8209E2F09D71600FAA836 /* AuthProvider.swift in Sources */ = {isa = PBXBuildFile; fileRef = 46D8209C2F09D71600FAA836 /* AuthProvider.swift */; };
		46D820A62F09DD0500FAA836 /* LoginCoordinator.swift in Sources */ = {isa = PBXBuildFile; fileRef = 46D820A42F09DD0500FAA836 /* LoginCoordinator.swift */; };
		46D820A72F09DD0500FAA836 /* AppCoordinator.swift in Sources */ = {isa = PBXBuildFile; fileRef = 46D820A22F09DD0500FAA836 /* AppCoordinator.swift */; };
		46D820A82F09DD0500FAA836 /* Coordinator.swift in Sources */ = {isa = PBXBuildFile; fileRef = 46D820A32F09DD0500FAA836 /* Coordinator.swift */; };
		46D820AA2F09DD2F00FAA836 /* HomeTableViewAdapter.swift in Sources */ = {isa = PBXBuildFile; fileRef = 46D820A92F09DD2F00FAA836 /* HomeTableViewAdapter.swift */; };
		46D995932C6E90EC00D4951C /* AppDelegate.swift in Sources */ = {isa = PBXBuildFile; fileRef = 46D995922C6E90EC00D4951C /* AppDelegate.swift */; };
		46D995952C6E90EC00D4951C /* SceneDelegate.swift in Sources */ = {isa = PBXBuildFile; fileRef = 46D995942C6E90EC00D4951C /* SceneDelegate.swift */; };
		46D9959C2C6E90EE00D4951C /* Assets.xcassets in Resources */ = {isa = PBXBuildFile; fileRef = 46D9959B2C6E90EE00D4951C /* Assets.xcassets */; };
		46D9959F2C6E90EE00D4951C /* Base in Resources */ = {isa = PBXBuildFile; fileRef = 46D9959E2C6E90EE00D4951C /* Base */; };
		46D995A82C6E925600D4951C /* FirebaseDynamicLinks in Frameworks */ = {isa = PBXBuildFile; productRef = 46D995A72C6E925600D4951C /* FirebaseDynamicLinks */; };
		46D995AA2C6E925600D4951C /* FirebaseFirestore in Frameworks */ = {isa = PBXBuildFile; productRef = 46D995A92C6E925600D4951C /* FirebaseFirestore */; };
		46D995AC2C6E925600D4951C /* FirebaseMessaging in Frameworks */ = {isa = PBXBuildFile; productRef = 46D995AB2C6E925600D4951C /* FirebaseMessaging */; };
		46D995AE2C6E925600D4951C /* FirebaseStorage in Frameworks */ = {isa = PBXBuildFile; productRef = 46D995AD2C6E925600D4951C /* FirebaseStorage */; };
		46EC8E1A2F1325EC006A838D /* AperturaFixtureData.swift in Sources */ = {isa = PBXBuildFile; fileRef = 46EC8E182F1325EC006A838D /* AperturaFixtureData.swift */; };
		46EC8E1C2F133475006A838D /* ObserveActiveJornadasUseCase.swift in Sources */ = {isa = PBXBuildFile; fileRef = 46EC8E1B2F133475006A838D /* ObserveActiveJornadasUseCase.swift */; };
		46EC8E1E2F133DA0006A838D /* ObserveMatchesUseCase.swift in Sources */ = {isa = PBXBuildFile; fileRef = 46EC8E1D2F133DA0006A838D /* ObserveMatchesUseCase.swift */; };
/* End PBXBuildFile section */

/* Begin PBXContainerItemProxy section */
		46C874682F1C2BC7008C3619 /* PBXContainerItemProxy */ = {
			isa = PBXContainerItemProxy;
			containerPortal = 46D995872C6E90EC00D4951C /* Project object */;
			proxyType = 1;
			remoteGlobalIDString = 46C874622F1C2BC6008C3619;
			remoteInfo = PushServiceExtension;
		};
/* End PBXContainerItemProxy section */

/* Begin PBXCopyFilesBuildPhase section */
		46C8746F2F1C2BC7008C3619 /* Embed Foundation Extensions */ = {
			isa = PBXCopyFilesBuildPhase;
			buildActionMask = 2147483647;
			dstPath = "";
			dstSubfolderSpec = 13;
			files = (
				46C8746A2F1C2BC7008C3619 /* PushServiceExtension.appex in Embed Foundation Extensions */,
			);
			name = "Embed Foundation Extensions";
			runOnlyForDeploymentPostprocessing = 0;
		};
/* End PBXCopyFilesBuildPhase section */

/* Begin PBXFileReference section */
		4635E3682EFDEF93004A541C /* GoogleService-Info.plist */ = {isa = PBXFileReference; lastKnownFileType = text.plist.xml; path = "GoogleService-Info.plist"; sourceTree = "<group>"; };
		4640016F2F08853F00A8C905 /* Color+Extension.swift */ = {isa = PBXFileReference; lastKnownFileType = sourcecode.swift; path = "Color+Extension.swift"; sourceTree = "<group>"; };
		464001702F08853F00A8C905 /* UIStackView+Builder.swift */ = {isa = PBXFileReference; lastKnownFileType = sourcecode.swift; path = "UIStackView+Builder.swift"; sourceTree = "<group>"; };
		464001712F08853F00A8C905 /* UIView+Layout.swift */ = {isa = PBXFileReference; lastKnownFileType = sourcecode.swift; path = "UIView+Layout.swift"; sourceTree = "<group>"; };
		464001742F08853F00A8C905 /* EquipoPeruano.swift */ = {isa = PBXFileReference; lastKnownFileType = sourcecode.swift; path = EquipoPeruano.swift; sourceTree = "<group>"; };
		464001762F08853F00A8C905 /* LayoutPresets.swift */ = {isa = PBXFileReference; lastKnownFileType = sourcecode.swift; path = LayoutPresets.swift; sourceTree = "<group>"; };
		464001772F08853F00A8C905 /* TablePosition.swift */ = {isa = PBXFileReference; lastKnownFileType = sourcecode.swift; path = TablePosition.swift; sourceTree = "<group>"; };
		464001782F08853F00A8C905 /* TorneoType.swift */ = {isa = PBXFileReference; lastKnownFileType = sourcecode.swift; path = TorneoType.swift; sourceTree = "<group>"; };
		4640017D2F08853F00A8C905 /* AdminMatchRepository.swift */ = {isa = PBXFileReference; lastKnownFileType = sourcecode.swift; path = AdminMatchRepository.swift; sourceTree = "<group>"; };
		4640017E2F08853F00A8C905 /* JornadasRepository.swift */ = {isa = PBXFileReference; lastKnownFileType = sourcecode.swift; path = JornadasRepository.swift; sourceTree = "<group>"; };
		4640017F2F08853F00A8C905 /* MatchesRepository.swift */ = {isa = PBXFileReference; lastKnownFileType = sourcecode.swift; path = MatchesRepository.swift; sourceTree = "<group>"; };
		464001802F08853F00A8C905 /* NewsRepository.swift */ = {isa = PBXFileReference; lastKnownFileType = sourcecode.swift; path = NewsRepository.swift; sourceTree = "<group>"; };
		464001812F08853F00A8C905 /* TeamsRepository.swift */ = {isa = PBXFileReference; lastKnownFileType = sourcecode.swift; path = TeamsRepository.swift; sourceTree = "<group>"; };
		464001832F08853F00A8C905 /* AuthService.swift */ = {isa = PBXFileReference; lastKnownFileType = sourcecode.swift; path = AuthService.swift; sourceTree = "<group>"; };
		464001842F08853F00A8C905 /* FavoritesService.swift */ = {isa = PBXFileReference; lastKnownFileType = sourcecode.swift; path = FavoritesService.swift; sourceTree = "<group>"; };
		4640018F2F08853F00A8C905 /* EquipoTableViewCell.swift */ = {isa = PBXFileReference; lastKnownFileType = sourcecode.swift; path = EquipoTableViewCell.swift; sourceTree = "<group>"; };
		464001902F08853F00A8C905 /* HeaderView.swift */ = {isa = PBXFileReference; lastKnownFileType = sourcecode.swift; path = HeaderView.swift; sourceTree = "<group>"; };
		464001912F08853F00A8C905 /* MatchTableViewCell.swift */ = {isa = PBXFileReference; lastKnownFileType = sourcecode.swift; path = MatchTableViewCell.swift; sourceTree = "<group>"; };
		464001922F08853F00A8C905 /* NewsCell.swift */ = {isa = PBXFileReference; lastKnownFileType = sourcecode.swift; path = NewsCell.swift; sourceTree = "<group>"; };
		464001932F08853F00A8C905 /* NewsHeaderView.swift */ = {isa = PBXFileReference; lastKnownFileType = sourcecode.swift; path = NewsHeaderView.swift; sourceTree = "<group>"; };
		464001972F08853F00A8C905 /* FavoritosViewModel.swift */ = {isa = PBXFileReference; lastKnownFileType = sourcecode.swift; path = FavoritosViewModel.swift; sourceTree = "<group>"; };
		464001982F08853F00A8C905 /* HomeViewModel.swift */ = {isa = PBXFileReference; lastKnownFileType = sourcecode.swift; path = HomeViewModel.swift; sourceTree = "<group>"; };
		464001992F08853F00A8C905 /* LoginViewModel.swift */ = {isa = PBXFileReference; lastKnownFileType = sourcecode.swift; path = LoginViewModel.swift; sourceTree = "<group>"; };
		4640019A2F08853F00A8C905 /* NewsViewModel.swift */ = {isa = PBXFileReference; lastKnownFileType = sourcecode.swift; path = NewsViewModel.swift; sourceTree = "<group>"; };
		4640019B2F08853F00A8C905 /* ProfileViewModel.swift */ = {isa = PBXFileReference; lastKnownFileType = sourcecode.swift; path = ProfileViewModel.swift; sourceTree = "<group>"; };
		4640019C2F08853F00A8C905 /* TorneoViewModel.swift */ = {isa = PBXFileReference; lastKnownFileType = sourcecode.swift; path = TorneoViewModel.swift; sourceTree = "<group>"; };
		464009B32F098D2000A8C905 /* UIViewController+Alert.swift */ = {isa = PBXFileReference; lastKnownFileType = sourcecode.swift; path = "UIViewController+Alert.swift"; sourceTree = "<group>"; };
		464009B52F098D4F00A8C905 /* FirestoreConstants.swift */ = {isa = PBXFileReference; lastKnownFileType = sourcecode.swift; path = FirestoreConstants.swift; sourceTree = "<group>"; };
		464009B72F098D4F00A8C905 /* FirestoreManager.swift */ = {isa = PBXFileReference; lastKnownFileType = sourcecode.swift; path = FirestoreManager.swift; sourceTree = "<group>"; };
		464009B92F098D4F00A8C905 /* Logger.swift */ = {isa = PBXFileReference; lastKnownFileType = sourcecode.swift; path = Logger.swift; sourceTree = "<group>"; };
		464009BE2F098D8D00A8C905 /* RegisterMatchesUseCase.swift */ = {isa = PBXFileReference; lastKnownFileType = sourcecode.swift; path = RegisterMatchesUseCase.swift; sourceTree = "<group>"; };
		464009C02F098D8D00A8C905 /* LoginUseCase.swift */ = {isa = PBXFileReference; lastKnownFileType = sourcecode.swift; path = LoginUseCase.swift; sourceTree = "<group>"; };
		464009C12F098D8D00A8C905 /* LogoutUseCase.swift */ = {isa = PBXFileReference; lastKnownFileType = sourcecode.swift; path = LogoutUseCase.swift; sourceTree = "<group>"; };
		464009C32F098D8D00A8C905 /* FetchFavoriteMatchesUseCase.swift */ = {isa = PBXFileReference; lastKnownFileType = sourcecode.swift; path = FetchFavoriteMatchesUseCase.swift; sourceTree = "<group>"; };
		464009C42F098D8D00A8C905 /* ObserveFavoritesUseCase.swift */ = {isa = PBXFileReference; lastKnownFileType = sourcecode.swift; path = ObserveFavoritesUseCase.swift; sourceTree = "<group>"; };
		464009C52F098D8D00A8C905 /* ToggleFavoriteUseCase.swift */ = {isa = PBXFileReference; lastKnownFileType = sourcecode.swift; path = ToggleFavoriteUseCase.swift; sourceTree = "<group>"; };
		464009C72F098D8D00A8C905 /* FetchActiveJornadasUseCase.swift */ = {isa = PBXFileReference; lastKnownFileType = sourcecode.swift; path = FetchActiveJornadasUseCase.swift; sourceTree = "<group>"; };
		464009C92F098D8D00A8C905 /* FetchMatchesUseCase.swift */ = {isa = PBXFileReference; lastKnownFileType = sourcecode.swift; path = FetchMatchesUseCase.swift; sourceTree = "<group>"; };
		464009CB2F098D8D00A8C905 /* FetchNewsUseCase.swift */ = {isa = PBXFileReference; lastKnownFileType = sourcecode.swift; path = FetchNewsUseCase.swift; sourceTree = "<group>"; };
		464009CD2F098D8D00A8C905 /* FetchTeamsUseCase.swift */ = {isa = PBXFileReference; lastKnownFileType = sourcecode.swift; path = FetchTeamsUseCase.swift; sourceTree = "<group>"; };
		464009D92F098DBB00A8C905 /* RegistrarPartidosViewModel.swift */ = {isa = PBXFileReference; lastKnownFileType = sourcecode.swift; path = RegistrarPartidosViewModel.swift; sourceTree = "<group>"; };
		464009DB2F098DF600A8C905 /* RegistrarPartidosViewController.swift */ = {isa = PBXFileReference; lastKnownFileType = sourcecode.swift; path = RegistrarPartidosViewController.swift; sourceTree = "<group>"; };
		464009DD2F098DF600A8C905 /* FavoritosViewController.swift */ = {isa = PBXFileReference; lastKnownFileType = sourcecode.swift; path = FavoritosViewController.swift; sourceTree = "<group>"; };
		464009DF2F098DF600A8C905 /* HomeViewController.swift */ = {isa = PBXFileReference; lastKnownFileType = sourcecode.swift; path = HomeViewController.swift; sourceTree = "<group>"; };
		464009E22F098DF600A8C905 /* LoginViewController.swift */ = {isa = PBXFileReference; lastKnownFileType = sourcecode.swift; path = LoginViewController.swift; sourceTree = "<group>"; };
		464009E52F098DF600A8C905 /* NewsHeaderWrapperCell.swift */ = {isa = PBXFileReference; lastKnownFileType = sourcecode.swift; path = NewsHeaderWrapperCell.swift; sourceTree = "<group>"; };
		464009E62F098DF600A8C905 /* NewsViewController.swift */ = {isa = PBXFileReference; lastKnownFileType = sourcecode.swift; path = NewsViewController.swift; sourceTree = "<group>"; };
		464009E72F098DF600A8C905 /* NewsViewController+TableView.swift */ = {isa = PBXFileReference; lastKnownFileType = sourcecode.swift; path = "NewsViewController+TableView.swift"; sourceTree = "<group>"; };
		464009E92F098DF600A8C905 /* ProfileViewController.swift */ = {isa = PBXFileReference; lastKnownFileType = sourcecode.swift; path = ProfileViewController.swift; sourceTree = "<group>"; };
		464009EA2F098DF600A8C905 /* ProfileViewController+TableView.swift */ = {isa = PBXFileReference; lastKnownFileType = sourcecode.swift; path = "ProfileViewController+TableView.swift"; sourceTree = "<group>"; };
		464009EC2F098DF600A8C905 /* MainTabBarController.swift */ = {isa = PBXFileReference; lastKnownFileType = sourcecode.swift; path = MainTabBarController.swift; sourceTree = "<group>"; };
		464009EE2F098DF600A8C905 /* TablaViewController.swift */ = {isa = PBXFileReference; lastKnownFileType = sourcecode.swift; path = TablaViewController.swift; sourceTree = "<group>"; };
		464009EF2F098DF600A8C905 /* TorneoViewController+TableView.swift */ = {isa = PBXFileReference; lastKnownFileType = sourcecode.swift; path = "TorneoViewController+TableView.swift"; sourceTree = "<group>"; };
		464009FE2F098EB800A8C905 /* DIContainer.swift */ = {isa = PBXFileReference; lastKnownFileType = sourcecode.swift; path = DIContainer.swift; sourceTree = "<group>"; };
		469E54322E765141001ECD36 /* SessionManager.swift */ = {isa = PBXFileReference; lastKnownFileType = sourcecode.swift; path = SessionManager.swift; sourceTree = "<group>"; };
		46C874522F1B68B8008C3619 /* liga1.entitlements */ = {isa = PBXFileReference; lastKnownFileType = text.plist.entitlements; path = liga1.entitlements; sourceTree = "<group>"; };
		46C874532F1B6C26008C3619 /* NotificationService.swift */ = {isa = PBXFileReference; lastKnownFileType = sourcecode.swift; path = NotificationService.swift; sourceTree = "<group>"; };
		46C874552F1C053E008C3619 /* ObserveFavoriteTeamsUseCase.swift */ = {isa = PBXFileReference; lastKnownFileType = sourcecode.swift; path = ObserveFavoriteTeamsUseCase.swift; sourceTree = "<group>"; };
		46C874562F1C053E008C3619 /* ToggleFavoriteTeamUseCase.swift */ = {isa = PBXFileReference; lastKnownFileType = sourcecode.swift; path = ToggleFavoriteTeamUseCase.swift; sourceTree = "<group>"; };
		46C874592F1C055D008C3619 /* TeamTableViewCell.swift */ = {isa = PBXFileReference; lastKnownFileType = sourcecode.swift; path = TeamTableViewCell.swift; sourceTree = "<group>"; };
		46C8745C2F1C0576008C3619 /* TeamSearchModalViewController.swift */ = {isa = PBXFileReference; lastKnownFileType = sourcecode.swift; path = TeamSearchModalViewController.swift; sourceTree = "<group>"; };
		46C874632F1C2BC6008C3619 /* PushServiceExtension.appex */ = {isa = PBXFileReference; explicitFileType = "wrapper.app-extension"; includeInIndex = 0; path = PushServiceExtension.appex; sourceTree = BUILT_PRODUCTS_DIR; };
		46CDF4702F1058A100F280E6 /* NewsCategory.swift */ = {isa = PBXFileReference; lastKnownFileType = sourcecode.swift; path = NewsCategory.swift; sourceTree = "<group>"; };
		46CDF4722F1061E600F280E6 /* Jornada.swift */ = {isa = PBXFileReference; lastKnownFileType = sourcecode.swift; path = Jornada.swift; sourceTree = "<group>"; };
		46CDF4792F1061FC00F280E6 /* JornadaDTO.swift */ = {isa = PBXFileReference; lastKnownFileType = sourcecode.swift; path = JornadaDTO.swift; sourceTree = "<group>"; };
		46CDF47E2F1061FC00F280E6 /* MatchDTO.swift */ = {isa = PBXFileReference; lastKnownFileType = sourcecode.swift; path = MatchDTO.swift; sourceTree = "<group>"; };
		46CDF47F2F1061FC00F280E6 /* NewsItemDTO.swift */ = {isa = PBXFileReference; lastKnownFileType = sourcecode.swift; path = NewsItemDTO.swift; sourceTree = "<group>"; };
		46CDF4802F1061FC00F280E6 /* TeamDTO.swift */ = {isa = PBXFileReference; lastKnownFileType = sourcecode.swift; path = TeamDTO.swift; sourceTree = "<group>"; };
		46CDF4862F10623000F280E6 /* JornadaUIMapper.swift */ = {isa = PBXFileReference; lastKnownFileType = sourcecode.swift; path = JornadaUIMapper.swift; sourceTree = "<group>"; };
		46CDF4892F10625B00F280E6 /* JornadaUI.swift */ = {isa = PBXFileReference; lastKnownFileType = sourcecode.swift; path = JornadaUI.swift; sourceTree = "<group>"; };
		46CDF4982F10685700F280E6 /* Match.swift */ = {isa = PBXFileReference; lastKnownFileType = sourcecode.swift; path = Match.swift; sourceTree = "<group>"; };
		46CDF49A2F10686F00F280E6 /* MatchUI.swift */ = {isa = PBXFileReference; lastKnownFileType = sourcecode.swift; path = MatchUI.swift; sourceTree = "<group>"; };
		46CDF49C2F1068A300F280E6 /* JornadaMapper.swift */ = {isa = PBXFileReference; lastKnownFileType = sourcecode.swift; path = JornadaMapper.swift; sourceTree = "<group>"; };
		46CDF49D2F1068A300F280E6 /* MatchMapper.swift */ = {isa = PBXFileReference; lastKnownFileType = sourcecode.swift; path = MatchMapper.swift; sourceTree = "<group>"; };
		46CDF49E2F1068A300F280E6 /* NewsItemMapper.swift */ = {isa = PBXFileReference; lastKnownFileType = sourcecode.swift; path = NewsItemMapper.swift; sourceTree = "<group>"; };
		46CDF49F2F1068A300F280E6 /* TeamMapper.swift */ = {isa = PBXFileReference; lastKnownFileType = sourcecode.swift; path = TeamMapper.swift; sourceTree = "<group>"; };
		46CDF4A52F1086F100F280E6 /* AdminMatchRepositoryProtocol.swift */ = {isa = PBXFileReference; lastKnownFileType = sourcecode.swift; path = AdminMatchRepositoryProtocol.swift; sourceTree = "<group>"; };
		46CDF4A62F1086F100F280E6 /* JornadasRepositoryProtocol.swift */ = {isa = PBXFileReference; lastKnownFileType = sourcecode.swift; path = JornadasRepositoryProtocol.swift; sourceTree = "<group>"; };
		46CDF4A72F1086F100F280E6 /* MatchesRepositoryProtocol.swift */ = {isa = PBXFileReference; lastKnownFileType = sourcecode.swift; path = MatchesRepositoryProtocol.swift; sourceTree = "<group>"; };
		46CDF4A82F1086F100F280E6 /* NewsRepositoryProtocol.swift */ = {isa = PBXFileReference; lastKnownFileType = sourcecode.swift; path = NewsRepositoryProtocol.swift; sourceTree = "<group>"; };
		46CDF4A92F1086F100F280E6 /* TeamsRepositoryProtocol.swift */ = {isa = PBXFileReference; lastKnownFileType = sourcecode.swift; path = TeamsRepositoryProtocol.swift; sourceTree = "<group>"; };
		46CDF4B02F10877B00F280E6 /* NewsItem.swift */ = {isa = PBXFileReference; lastKnownFileType = sourcecode.swift; path = NewsItem.swift; sourceTree = "<group>"; };
		46CDF4B22F10878400F280E6 /* Team.swift */ = {isa = PBXFileReference; lastKnownFileType = sourcecode.swift; path = Team.swift; sourceTree = "<group>"; };
		46CDF4B42F10882800F280E6 /* MatchUIMapper.swift */ = {isa = PBXFileReference; lastKnownFileType = sourcecode.swift; path = MatchUIMapper.swift; sourceTree = "<group>"; };
		46CDF4B52F10882800F280E6 /* NewsItemUIMapper.swift */ = {isa = PBXFileReference; lastKnownFileType = sourcecode.swift; path = NewsItemUIMapper.swift; sourceTree = "<group>"; };
		46CDF4B62F10882800F280E6 /* TeamUIMapper.swift */ = {isa = PBXFileReference; lastKnownFileType = sourcecode.swift; path = TeamUIMapper.swift; sourceTree = "<group>"; };
		46CDF4BA2F10884600F280E6 /* NewsItemUI.swift */ = {isa = PBXFileReference; lastKnownFileType = sourcecode.swift; path = NewsItemUI.swift; sourceTree = "<group>"; };
		46CDF4BC2F10885000F280E6 /* TeamUI.swift */ = {isa = PBXFileReference; lastKnownFileType = sourcecode.swift; path = TeamUI.swift; sourceTree = "<group>"; };
		46CDF4BE2F10A09D00F280E6 /* DividerView.swift */ = {isa = PBXFileReference; lastKnownFileType = sourcecode.swift; path = DividerView.swift; sourceTree = "<group>"; };
		46D8209A2F09D40900FAA836 /* DatabaseProtocol.swift */ = {isa = PBXFileReference; lastKnownFileType = sourcecode.swift; path = DatabaseProtocol.swift; sourceTree = "<group>"; };
		46D8209C2F09D71600FAA836 /* AuthProvider.swift */ = {isa = PBXFileReference; lastKnownFileType = sourcecode.swift; path = AuthProvider.swift; sourceTree = "<group>"; };
		46D820A22F09DD0500FAA836 /* AppCoordinator.swift */ = {isa = PBXFileReference; lastKnownFileType = sourcecode.swift; path = AppCoordinator.swift; sourceTree = "<group>"; };
		46D820A32F09DD0500FAA836 /* Coordinator.swift */ = {isa = PBXFileReference; lastKnownFileType = sourcecode.swift; path = Coordinator.swift; sourceTree = "<group>"; };
		46D820A42F09DD0500FAA836 /* LoginCoordinator.swift */ = {isa = PBXFileReference; lastKnownFileType = sourcecode.swift; path = LoginCoordinator.swift; sourceTree = "<group>"; };
		46D820A92F09DD2F00FAA836 /* HomeTableViewAdapter.swift */ = {isa = PBXFileReference; lastKnownFileType = sourcecode.swift; path = HomeTableViewAdapter.swift; sourceTree = "<group>"; };
		46D9958F2C6E90EC00D4951C /* liga1.app */ = {isa = PBXFileReference; explicitFileType = wrapper.application; includeInIndex = 0; path = liga1.app; sourceTree = BUILT_PRODUCTS_DIR; };
		46D995922C6E90EC00D4951C /* AppDelegate.swift */ = {isa = PBXFileReference; lastKnownFileType = sourcecode.swift; path = AppDelegate.swift; sourceTree = "<group>"; };
		46D995942C6E90EC00D4951C /* SceneDelegate.swift */ = {isa = PBXFileReference; lastKnownFileType = sourcecode.swift; path = SceneDelegate.swift; sourceTree = "<group>"; };
		46D9959B2C6E90EE00D4951C /* Assets.xcassets */ = {isa = PBXFileReference; lastKnownFileType = folder.assetcatalog; path = Assets.xcassets; sourceTree = "<group>"; };
		46D9959E2C6E90EE00D4951C /* Base */ = {isa = PBXFileReference; lastKnownFileType = file.storyboard; name = Base; path = Base.lproj/LaunchScreen.storyboard; sourceTree = "<group>"; };
		46D995A02C6E90EE00D4951C /* Info.plist */ = {isa = PBXFileReference; lastKnownFileType = text.plist.xml; path = Info.plist; sourceTree = "<group>"; };
		46EC8E182F1325EC006A838D /* AperturaFixtureData.swift */ = {isa = PBXFileReference; lastKnownFileType = sourcecode.swift; path = AperturaFixtureData.swift; sourceTree = "<group>"; };
		46EC8E1B2F133475006A838D /* ObserveActiveJornadasUseCase.swift */ = {isa = PBXFileReference; lastKnownFileType = sourcecode.swift; path = ObserveActiveJornadasUseCase.swift; sourceTree = "<group>"; };
		46EC8E1D2F133DA0006A838D /* ObserveMatchesUseCase.swift */ = {isa = PBXFileReference; lastKnownFileType = sourcecode.swift; path = ObserveMatchesUseCase.swift; sourceTree = "<group>"; };
/* End PBXFileReference section */

/* Begin PBXFileSystemSynchronizedBuildFileExceptionSet section */
		46C8746B2F1C2BC7008C3619 /* PBXFileSystemSynchronizedBuildFileExceptionSet */ = {
			isa = PBXFileSystemSynchronizedBuildFileExceptionSet;
			membershipExceptions = (
				Info.plist,
			);
			target = 46C874622F1C2BC6008C3619 /* PushServiceExtension */;
		};
/* End PBXFileSystemSynchronizedBuildFileExceptionSet section */

/* Begin PBXFileSystemSynchronizedRootGroup section */
		46C874642F1C2BC6008C3619 /* PushServiceExtension */ = {isa = PBXFileSystemSynchronizedRootGroup; exceptions = (46C8746B2F1C2BC7008C3619 /* PBXFileSystemSynchronizedBuildFileExceptionSet */, ); explicitFileTypes = {}; explicitFolders = (); path = PushServiceExtension; sourceTree = "<group>"; };
/* End PBXFileSystemSynchronizedRootGroup section */

/* Begin PBXFrameworksBuildPhase section */
		46C874602F1C2BC6008C3619 /* Frameworks */ = {
			isa = PBXFrameworksBuildPhase;
			buildActionMask = 2147483647;
			files = (
			);
			runOnlyForDeploymentPostprocessing = 0;
		};
		46D9958C2C6E90EC00D4951C /* Frameworks */ = {
			isa = PBXFrameworksBuildPhase;
			buildActionMask = 2147483647;
			files = (
				46222A552C712D15001678DF /* FirebaseDatabase in Frameworks */,
				46222A572C712D15001678DF /* FirebaseInstallations in Frameworks */,
				46222A532C712CBA001678DF /* FirebaseDatabase in Frameworks */,
				46D995AC2C6E925600D4951C /* FirebaseMessaging in Frameworks */,
				46D995AE2C6E925600D4951C /* FirebaseStorage in Frameworks */,
				4613A7F82CCF2A7E0070034C /* GoogleSignInSwift in Frameworks */,
				46D995A82C6E925600D4951C /* FirebaseDynamicLinks in Frameworks */,
				46D995AA2C6E925600D4951C /* FirebaseFirestore in Frameworks */,
				469E54422E767199001ECD36 /* Kingfisher in Frameworks */,
				4613A7F32CCF2A1F0070034C /* FirebaseAuth in Frameworks */,
				4613A7F62CCF2A7E0070034C /* GoogleSignIn in Frameworks */,
			);
			runOnlyForDeploymentPostprocessing = 0;
		};
/* End PBXFrameworksBuildPhase section */

/* Begin PBXGroup section */
		464001722F08853F00A8C905 /* Extensions */ = {
			isa = PBXGroup;
			children = (
				464009B32F098D2000A8C905 /* UIViewController+Alert.swift */,
				4640016F2F08853F00A8C905 /* Color+Extension.swift */,
				464001702F08853F00A8C905 /* UIStackView+Builder.swift */,
				464001712F08853F00A8C905 /* UIView+Layout.swift */,
			);
			path = Extensions;
			sourceTree = "<group>";
		};
		464001792F08853F00A8C905 /* Utils */ = {
			isa = PBXGroup;
			children = (
				46CDF4702F1058A100F280E6 /* NewsCategory.swift */,
				464001742F08853F00A8C905 /* EquipoPeruano.swift */,
				464001762F08853F00A8C905 /* LayoutPresets.swift */,
				464001772F08853F00A8C905 /* TablePosition.swift */,
				464001782F08853F00A8C905 /* TorneoType.swift */,
			);
			path = Utils;
			sourceTree = "<group>";
		};
		4640017A2F08853F00A8C905 /* Core */ = {
			isa = PBXGroup;
			children = (
				46D8209D2F09D71600FAA836 /* Auth */,
				464009B62F098D4F00A8C905 /* Constants */,
				464009B82F098D4F00A8C905 /* Firebase */,
				464009BA2F098D4F00A8C905 /* Logging */,
				464001722F08853F00A8C905 /* Extensions */,
				464001792F08853F00A8C905 /* Utils */,
			);
			path = Core;
			sourceTree = "<group>";
		};
		464001822F08853F00A8C905 /* Repositories */ = {
			isa = PBXGroup;
			children = (
				4640017D2F08853F00A8C905 /* AdminMatchRepository.swift */,
				4640017E2F08853F00A8C905 /* JornadasRepository.swift */,
				4640017F2F08853F00A8C905 /* MatchesRepository.swift */,
				464001802F08853F00A8C905 /* NewsRepository.swift */,
				464001812F08853F00A8C905 /* TeamsRepository.swift */,
			);
			path = Repositories;
			sourceTree = "<group>";
		};
		464001852F08853F00A8C905 /* Services */ = {
			isa = PBXGroup;
			children = (
				464001832F08853F00A8C905 /* AuthService.swift */,
				464001842F08853F00A8C905 /* FavoritesService.swift */,
			);
			path = Services;
			sourceTree = "<group>";
		};
		464001862F08853F00A8C905 /* Data */ = {
			isa = PBXGroup;
			children = (
				46EC8E192F1325EC006A838D /* Helpers */,
				46CDF4A02F1068A300F280E6 /* Mappers */,
				46CDF4812F1061FC00F280E6 /* DTOs */,
				464001822F08853F00A8C905 /* Repositories */,
				464001852F08853F00A8C905 /* Services */,
			);
			path = Data;
			sourceTree = "<group>";
		};
		4640018D2F08853F00A8C905 /* UseCases */ = {
			isa = PBXGroup;
			children = (
				464009BF2F098D8D00A8C905 /* Admin */,
				464009C22F098D8D00A8C905 /* Auth */,
				464009C62F098D8D00A8C905 /* Favorites */,
				464009C82F098D8D00A8C905 /* Jornadas */,
				464009CA2F098D8D00A8C905 /* Matches */,
				464009CC2F098D8D00A8C905 /* News */,
				464009CE2F098D8D00A8C905 /* Teams */,
			);
			path = UseCases;
			sourceTree = "<group>";
		};
		4640018E2F08853F00A8C905 /* Domain */ = {
			isa = PBXGroup;
			children = (
				46CDF4AA2F1086F100F280E6 /* Repositories */,
				46CDF4772F1061E600F280E6 /* Entities */,
				4640018D2F08853F00A8C905 /* UseCases */,
			);
			path = Domain;
			sourceTree = "<group>";
		};
		464001942F08853F00A8C905 /* Cells */ = {
			isa = PBXGroup;
			children = (
				4640018F2F08853F00A8C905 /* EquipoTableViewCell.swift */,
				464001902F08853F00A8C905 /* HeaderView.swift */,
				464001912F08853F00A8C905 /* MatchTableViewCell.swift */,
				464001922F08853F00A8C905 /* NewsCell.swift */,
				464001932F08853F00A8C905 /* NewsHeaderView.swift */,
				46C874592F1C055D008C3619 /* TeamTableViewCell.swift */,
			);
			path = Cells;
			sourceTree = "<group>";
		};
		464001952F08853F00A8C905 /* Headers */ = {
			isa = PBXGroup;
			children = (
			);
			path = Headers;
			sourceTree = "<group>";
		};
		464001962F08853F00A8C905 /* Components */ = {
			isa = PBXGroup;
			children = (
				46CDF4BE2F10A09D00F280E6 /* DividerView.swift */,
				464001942F08853F00A8C905 /* Cells */,
				464001952F08853F00A8C905 /* Headers */,
			);
			path = Components;
			sourceTree = "<group>";
		};
		4640019D2F08853F00A8C905 /* ViewModels */ = {
			isa = PBXGroup;
			children = (
				464009D92F098DBB00A8C905 /* RegistrarPartidosViewModel.swift */,
				464001972F08853F00A8C905 /* FavoritosViewModel.swift */,
				464001982F08853F00A8C905 /* HomeViewModel.swift */,
				464001992F08853F00A8C905 /* LoginViewModel.swift */,
				4640019A2F08853F00A8C905 /* NewsViewModel.swift */,
				4640019B2F08853F00A8C905 /* ProfileViewModel.swift */,
				4640019C2F08853F00A8C905 /* TorneoViewModel.swift */,
			);
			path = ViewModels;
			sourceTree = "<group>";
		};
		464001B32F08853F00A8C905 /* Views */ = {
			isa = PBXGroup;
			children = (
				464009DC2F098DF600A8C905 /* Admin */,
				464009DE2F098DF600A8C905 /* Favoritos */,
				464009E12F098DF600A8C905 /* Home */,
				464009E32F098DF600A8C905 /* Login */,
				464009E82F098DF600A8C905 /* News */,
				464009EB2F098DF600A8C905 /* Profile */,
				464009ED2F098DF600A8C905 /* TabBar */,
				464009F02F098DF600A8C905 /* Tabla */,
			);
			path = Views;
			sourceTree = "<group>";
		};
		464001B42F08853F00A8C905 /* Presentation */ = {
			isa = PBXGroup;
			children = (
				46CDF4872F10623000F280E6 /* Mappers */,
				46D820A02F09D72A00FAA836 /* Models */,
				464001962F08853F00A8C905 /* Components */,
				4640019D2F08853F00A8C905 /* ViewModels */,
				464001B32F08853F00A8C905 /* Views */,
			);
			path = Presentation;
			sourceTree = "<group>";
		};
		464009B62F098D4F00A8C905 /* Constants */ = {
			isa = PBXGroup;
			children = (
				464009B52F098D4F00A8C905 /* FirestoreConstants.swift */,
			);
			path = Constants;
			sourceTree = "<group>";
		};
		464009B82F098D4F00A8C905 /* Firebase */ = {
			isa = PBXGroup;
			children = (
				46C874532F1B6C26008C3619 /* NotificationService.swift */,
				46D8209A2F09D40900FAA836 /* DatabaseProtocol.swift */,
				464009B72F098D4F00A8C905 /* FirestoreManager.swift */,
			);
			path = Firebase;
			sourceTree = "<group>";
		};
		464009BA2F098D4F00A8C905 /* Logging */ = {
			isa = PBXGroup;
			children = (
				464009B92F098D4F00A8C905 /* Logger.swift */,
			);
			path = Logging;
			sourceTree = "<group>";
		};
		464009BF2F098D8D00A8C905 /* Admin */ = {
			isa = PBXGroup;
			children = (
				464009BE2F098D8D00A8C905 /* RegisterMatchesUseCase.swift */,
			);
			path = Admin;
			sourceTree = "<group>";
		};
		464009C22F098D8D00A8C905 /* Auth */ = {
			isa = PBXGroup;
			children = (
				464009C02F098D8D00A8C905 /* LoginUseCase.swift */,
				464009C12F098D8D00A8C905 /* LogoutUseCase.swift */,
			);
			path = Auth;
			sourceTree = "<group>";
		};
		464009C62F098D8D00A8C905 /* Favorites */ = {
			isa = PBXGroup;
			children = (
				46C874552F1C053E008C3619 /* ObserveFavoriteTeamsUseCase.swift */,
				46C874562F1C053E008C3619 /* ToggleFavoriteTeamUseCase.swift */,
				464009C32F098D8D00A8C905 /* FetchFavoriteMatchesUseCase.swift */,
				464009C42F098D8D00A8C905 /* ObserveFavoritesUseCase.swift */,
				464009C52F098D8D00A8C905 /* ToggleFavoriteUseCase.swift */,
			);
			path = Favorites;
			sourceTree = "<group>";
		};
		464009C82F098D8D00A8C905 /* Jornadas */ = {
			isa = PBXGroup;
			children = (
				46EC8E1B2F133475006A838D /* ObserveActiveJornadasUseCase.swift */,
				464009C72F098D8D00A8C905 /* FetchActiveJornadasUseCase.swift */,
			);
			path = Jornadas;
			sourceTree = "<group>";
		};
		464009CA2F098D8D00A8C905 /* Matches */ = {
			isa = PBXGroup;
			children = (
				46EC8E1D2F133DA0006A838D /* ObserveMatchesUseCase.swift */,
				464009C92F098D8D00A8C905 /* FetchMatchesUseCase.swift */,
			);
			path = Matches;
			sourceTree = "<group>";
		};
		464009CC2F098D8D00A8C905 /* News */ = {
			isa = PBXGroup;
			children = (
				464009CB2F098D8D00A8C905 /* FetchNewsUseCase.swift */,
			);
			path = News;
			sourceTree = "<group>";
		};
		464009CE2F098D8D00A8C905 /* Teams */ = {
			isa = PBXGroup;
			children = (
				464009CD2F098D8D00A8C905 /* FetchTeamsUseCase.swift */,
			);
			path = Teams;
			sourceTree = "<group>";
		};
		464009DC2F098DF600A8C905 /* Admin */ = {
			isa = PBXGroup;
			children = (
				464009DB2F098DF600A8C905 /* RegistrarPartidosViewController.swift */,
			);
			path = Admin;
			sourceTree = "<group>";
		};
		464009DE2F098DF600A8C905 /* Favoritos */ = {
			isa = PBXGroup;
			children = (
				46C8745C2F1C0576008C3619 /* TeamSearchModalViewController.swift */,
				464009DD2F098DF600A8C905 /* FavoritosViewController.swift */,
			);
			path = Favoritos;
			sourceTree = "<group>";
		};
		464009E12F098DF600A8C905 /* Home */ = {
			isa = PBXGroup;
			children = (
				46D820A92F09DD2F00FAA836 /* HomeTableViewAdapter.swift */,
				464009DF2F098DF600A8C905 /* HomeViewController.swift */,
			);
			path = Home;
			sourceTree = "<group>";
		};
		464009E32F098DF600A8C905 /* Login */ = {
			isa = PBXGroup;
			children = (
				464009E22F098DF600A8C905 /* LoginViewController.swift */,
			);
			path = Login;
			sourceTree = "<group>";
		};
		464009E82F098DF600A8C905 /* News */ = {
			isa = PBXGroup;
			children = (
				464009E52F098DF600A8C905 /* NewsHeaderWrapperCell.swift */,
				464009E62F098DF600A8C905 /* NewsViewController.swift */,
				464009E72F098DF600A8C905 /* NewsViewController+TableView.swift */,
			);
			path = News;
			sourceTree = "<group>";
		};
		464009EB2F098DF600A8C905 /* Profile */ = {
			isa = PBXGroup;
			children = (
				464009E92F098DF600A8C905 /* ProfileViewController.swift */,
				464009EA2F098DF600A8C905 /* ProfileViewController+TableView.swift */,
			);
			path = Profile;
			sourceTree = "<group>";
		};
		464009ED2F098DF600A8C905 /* TabBar */ = {
			isa = PBXGroup;
			children = (
				464009EC2F098DF600A8C905 /* MainTabBarController.swift */,
			);
			path = TabBar;
			sourceTree = "<group>";
		};
		464009F02F098DF600A8C905 /* Tabla */ = {
			isa = PBXGroup;
			children = (
				464009EE2F098DF600A8C905 /* TablaViewController.swift */,
				464009EF2F098DF600A8C905 /* TorneoViewController+TableView.swift */,
			);
			path = Tabla;
			sourceTree = "<group>";
		};
		464009FF2F098EB800A8C905 /* DI */ = {
			isa = PBXGroup;
			children = (
				464009FE2F098EB800A8C905 /* DIContainer.swift */,
			);
			path = DI;
			sourceTree = "<group>";
		};
		46CDF4732F1061E600F280E6 /* Jornada */ = {
			isa = PBXGroup;
			children = (
				46CDF4722F1061E600F280E6 /* Jornada.swift */,
			);
			path = Jornada;
			sourceTree = "<group>";
		};
		46CDF4742F1061E600F280E6 /* Match */ = {
			isa = PBXGroup;
			children = (
				46CDF4982F10685700F280E6 /* Match.swift */,
			);
			path = Match;
			sourceTree = "<group>";
		};
		46CDF4752F1061E600F280E6 /* NewsItem */ = {
			isa = PBXGroup;
			children = (
				46CDF4B02F10877B00F280E6 /* NewsItem.swift */,
			);
			path = NewsItem;
			sourceTree = "<group>";
		};
		46CDF4762F1061E600F280E6 /* Team */ = {
			isa = PBXGroup;
			children = (
				46CDF4B22F10878400F280E6 /* Team.swift */,
			);
			path = Team;
			sourceTree = "<group>";
		};
		46CDF4772F1061E600F280E6 /* Entities */ = {
			isa = PBXGroup;
			children = (
				46CDF4732F1061E600F280E6 /* Jornada */,
				46CDF4742F1061E600F280E6 /* Match */,
				46CDF4752F1061E600F280E6 /* NewsItem */,
				46CDF4762F1061E600F280E6 /* Team */,
			);
			path = Entities;
			sourceTree = "<group>";
		};
		46CDF47A2F1061FC00F280E6 /* Jornada */ = {
			isa = PBXGroup;
			children = (
				46CDF4792F1061FC00F280E6 /* JornadaDTO.swift */,
			);
			path = Jornada;
			sourceTree = "<group>";
		};
		46CDF47B2F1061FC00F280E6 /* Match */ = {
			isa = PBXGroup;
			children = (
				46CDF47E2F1061FC00F280E6 /* MatchDTO.swift */,
			);
			path = Match;
			sourceTree = "<group>";
		};
		46CDF47C2F1061FC00F280E6 /* NewsItem */ = {
			isa = PBXGroup;
			children = (
				46CDF47F2F1061FC00F280E6 /* NewsItemDTO.swift */,
			);
			path = NewsItem;
			sourceTree = "<group>";
		};
		46CDF47D2F1061FC00F280E6 /* Team */ = {
			isa = PBXGroup;
			children = (
				46CDF4802F1061FC00F280E6 /* TeamDTO.swift */,
			);
			path = Team;
			sourceTree = "<group>";
		};
		46CDF4812F1061FC00F280E6 /* DTOs */ = {
			isa = PBXGroup;
			children = (
				46CDF47A2F1061FC00F280E6 /* Jornada */,
				46CDF47B2F1061FC00F280E6 /* Match */,
				46CDF47C2F1061FC00F280E6 /* NewsItem */,
				46CDF47D2F1061FC00F280E6 /* Team */,
			);
			path = DTOs;
			sourceTree = "<group>";
		};
		46CDF4872F10623000F280E6 /* Mappers */ = {
			isa = PBXGroup;
			children = (
				46CDF4B42F10882800F280E6 /* MatchUIMapper.swift */,
				46CDF4B52F10882800F280E6 /* NewsItemUIMapper.swift */,
				46CDF4B62F10882800F280E6 /* TeamUIMapper.swift */,
				46CDF4862F10623000F280E6 /* JornadaUIMapper.swift */,
			);
			path = Mappers;
			sourceTree = "<group>";
		};
		46CDF48A2F10625B00F280E6 /* Jornada */ = {
			isa = PBXGroup;
			children = (
				46CDF4892F10625B00F280E6 /* JornadaUI.swift */,
			);
			path = Jornada;
			sourceTree = "<group>";
		};
		46CDF48B2F10625B00F280E6 /* Match */ = {
			isa = PBXGroup;
			children = (
				46CDF49A2F10686F00F280E6 /* MatchUI.swift */,
			);
			path = Match;
			sourceTree = "<group>";
		};
		46CDF48C2F10625B00F280E6 /* NewsItem */ = {
			isa = PBXGroup;
			children = (
				46CDF4BA2F10884600F280E6 /* NewsItemUI.swift */,
			);
			path = NewsItem;
			sourceTree = "<group>";
		};
		46CDF48D2F10625B00F280E6 /* Team */ = {
			isa = PBXGroup;
			children = (
				46CDF4BC2F10885000F280E6 /* TeamUI.swift */,
			);
			path = Team;
			sourceTree = "<group>";
		};
		46CDF4A02F1068A300F280E6 /* Mappers */ = {
			isa = PBXGroup;
			children = (
				46CDF49C2F1068A300F280E6 /* JornadaMapper.swift */,
				46CDF49D2F1068A300F280E6 /* MatchMapper.swift */,
				46CDF49E2F1068A300F280E6 /* NewsItemMapper.swift */,
				46CDF49F2F1068A300F280E6 /* TeamMapper.swift */,
			);
			path = Mappers;
			sourceTree = "<group>";
		};
		46CDF4AA2F1086F100F280E6 /* Repositories */ = {
			isa = PBXGroup;
			children = (
				46CDF4A52F1086F100F280E6 /* AdminMatchRepositoryProtocol.swift */,
				46CDF4A62F1086F100F280E6 /* JornadasRepositoryProtocol.swift */,
				46CDF4A72F1086F100F280E6 /* MatchesRepositoryProtocol.swift */,
				46CDF4A82F1086F100F280E6 /* NewsRepositoryProtocol.swift */,
				46CDF4A92F1086F100F280E6 /* TeamsRepositoryProtocol.swift */,
			);
			path = Repositories;
			sourceTree = "<group>";
		};
		46D8209D2F09D71600FAA836 /* Auth */ = {
			isa = PBXGroup;
			children = (
				46D8209C2F09D71600FAA836 /* AuthProvider.swift */,
			);
			path = Auth;
			sourceTree = "<group>";
		};
		46D820A02F09D72A00FAA836 /* Models */ = {
			isa = PBXGroup;
			children = (
				46CDF48A2F10625B00F280E6 /* Jornada */,
				46CDF48B2F10625B00F280E6 /* Match */,
				46CDF48C2F10625B00F280E6 /* NewsItem */,
				46CDF48D2F10625B00F280E6 /* Team */,
			);
			path = Models;
			sourceTree = "<group>";
		};
		46D820A52F09DD0500FAA836 /* Coordinator */ = {
			isa = PBXGroup;
			children = (
				46D820A22F09DD0500FAA836 /* AppCoordinator.swift */,
				46D820A32F09DD0500FAA836 /* Coordinator.swift */,
				46D820A42F09DD0500FAA836 /* LoginCoordinator.swift */,
			);
			path = Coordinator;
			sourceTree = "<group>";
		};
		46D995862C6E90EC00D4951C = {
			isa = PBXGroup;
			children = (
				46D995912C6E90EC00D4951C /* liga1 */,
				46C874642F1C2BC6008C3619 /* PushServiceExtension */,
				46D995902C6E90EC00D4951C /* Products */,
			);
			sourceTree = "<group>";
		};
		46D995902C6E90EC00D4951C /* Products */ = {
			isa = PBXGroup;
			children = (
				46D9958F2C6E90EC00D4951C /* liga1.app */,
				46C874632F1C2BC6008C3619 /* PushServiceExtension.appex */,
			);
			name = Products;
			sourceTree = "<group>";
		};
		46D995912C6E90EC00D4951C /* liga1 */ = {
			isa = PBXGroup;
			children = (
				46C874522F1B68B8008C3619 /* liga1.entitlements */,
				46D995C62C6EC90700D4951C /* Application */,
				4640017A2F08853F00A8C905 /* Core */,
				464009FF2F098EB800A8C905 /* DI */,
				464001862F08853F00A8C905 /* Data */,
				4640018E2F08853F00A8C905 /* Domain */,
				464001B42F08853F00A8C905 /* Presentation */,
				46D995C72C6EC91900D4951C /* Resources */,
			);
			path = liga1;
			sourceTree = "<group>";
		};
		46D995C62C6EC90700D4951C /* Application */ = {
			isa = PBXGroup;
			children = (
				46D820A52F09DD0500FAA836 /* Coordinator */,
				46D995922C6E90EC00D4951C /* AppDelegate.swift */,
				469E54322E765141001ECD36 /* SessionManager.swift */,
				46D995942C6E90EC00D4951C /* SceneDelegate.swift */,
			);
			path = Application;
			sourceTree = "<group>";
		};
		46D995C72C6EC91900D4951C /* Resources */ = {
			isa = PBXGroup;
			children = (
				46D995A02C6E90EE00D4951C /* Info.plist */,
				46D9959D2C6E90EE00D4951C /* LaunchScreen.storyboard */,
				46D9959B2C6E90EE00D4951C /* Assets.xcassets */,
				4635E3682EFDEF93004A541C /* GoogleService-Info.plist */,
			);
			path = Resources;
			sourceTree = "<group>";
		};
		46EC8E192F1325EC006A838D /* Helpers */ = {
			isa = PBXGroup;
			children = (
				46EC8E182F1325EC006A838D /* AperturaFixtureData.swift */,
			);
			path = Helpers;
			sourceTree = "<group>";
		};
/* End PBXGroup section */

/* Begin PBXNativeTarget section */
		46C874622F1C2BC6008C3619 /* PushServiceExtension */ = {
			isa = PBXNativeTarget;
			buildConfigurationList = 46C8746C2F1C2BC7008C3619 /* Build configuration list for PBXNativeTarget "PushServiceExtension" */;
			buildPhases = (
				46C8745F2F1C2BC6008C3619 /* Sources */,
				46C874602F1C2BC6008C3619 /* Frameworks */,
				46C874612F1C2BC6008C3619 /* Resources */,
			);
			buildRules = (
			);
			dependencies = (
			);
			fileSystemSynchronizedGroups = (
				46C874642F1C2BC6008C3619 /* PushServiceExtension */,
			);
			name = PushServiceExtension;
			packageProductDependencies = (
			);
			productName = PushServiceExtension;
			productReference = 46C874632F1C2BC6008C3619 /* PushServiceExtension.appex */;
			productType = "com.apple.product-type.app-extension";
		};
		46D9958E2C6E90EC00D4951C /* liga1 */ = {
			isa = PBXNativeTarget;
			buildConfigurationList = 46D995A32C6E90EE00D4951C /* Build configuration list for PBXNativeTarget "liga1" */;
			buildPhases = (
				46D9958B2C6E90EC00D4951C /* Sources */,
				46D9958C2C6E90EC00D4951C /* Frameworks */,
				46D9958D2C6E90EC00D4951C /* Resources */,
				46C8746F2F1C2BC7008C3619 /* Embed Foundation Extensions */,
			);
			buildRules = (
			);
			dependencies = (
				46C874692F1C2BC7008C3619 /* PBXTargetDependency */,
			);
			name = liga1;
			packageProductDependencies = (
				46D995A72C6E925600D4951C /* FirebaseDynamicLinks */,
				46D995A92C6E925600D4951C /* FirebaseFirestore */,
				46D995AB2C6E925600D4951C /* FirebaseMessaging */,
				46D995AD2C6E925600D4951C /* FirebaseStorage */,
				46222A522C712CBA001678DF /* FirebaseDatabase */,
				46222A542C712D15001678DF /* FirebaseDatabase */,
				46222A562C712D15001678DF /* FirebaseInstallations */,
				4613A7F22CCF2A1F0070034C /* FirebaseAuth */,
				4613A7F52CCF2A7E0070034C /* GoogleSignIn */,
				4613A7F72CCF2A7E0070034C /* GoogleSignInSwift */,
				469E54412E767199001ECD36 /* Kingfisher */,
			);
			productName = liga1;
			productReference = 46D9958F2C6E90EC00D4951C /* liga1.app */;
			productType = "com.apple.product-type.application";
		};
/* End PBXNativeTarget section */

/* Begin PBXProject section */
		46D995872C6E90EC00D4951C /* Project object */ = {
			isa = PBXProject;
			attributes = {
				BuildIndependentTargetsInParallel = 1;
				LastSwiftUpdateCheck = 1640;
				LastUpgradeCheck = 1640;
				TargetAttributes = {
					46C874622F1C2BC6008C3619 = {
						CreatedOnToolsVersion = 16.4;
					};
					46D9958E2C6E90EC00D4951C = {
						CreatedOnToolsVersion = 15.4;
					};
				};
			};
			buildConfigurationList = 46D9958A2C6E90EC00D4951C /* Build configuration list for PBXProject "liga1" */;
			compatibilityVersion = "Xcode 14.0";
			developmentRegion = en;
			hasScannedForEncodings = 0;
			knownRegions = (
				en,
				Base,
			);
			mainGroup = 46D995862C6E90EC00D4951C;
			packageReferences = (
				46D995A62C6E925600D4951C /* XCRemoteSwiftPackageReference "firebase-ios-sdk" */,
				4613A7F42CCF2A7E0070034C /* XCRemoteSwiftPackageReference "GoogleSignIn-iOS" */,
				469E54402E767199001ECD36 /* XCRemoteSwiftPackageReference "Kingfisher" */,
			);
			productRefGroup = 46D995902C6E90EC00D4951C /* Products */;
			projectDirPath = "";
			projectRoot = "";
			targets = (
				46D9958E2C6E90EC00D4951C /* liga1 */,
				46C874622F1C2BC6008C3619 /* PushServiceExtension */,
			);
		};
/* End PBXProject section */

/* Begin PBXResourcesBuildPhase section */
		46C874612F1C2BC6008C3619 /* Resources */ = {
			isa = PBXResourcesBuildPhase;
			buildActionMask = 2147483647;
			files = (
			);
			runOnlyForDeploymentPostprocessing = 0;
		};
		46D9958D2C6E90EC00D4951C /* Resources */ = {
			isa = PBXResourcesBuildPhase;
			buildActionMask = 2147483647;
			files = (
				46D9959C2C6E90EE00D4951C /* Assets.xcassets in Resources */,
				46D9959F2C6E90EE00D4951C /* Base in Resources */,
				4635E3692EFDEF93004A541C /* GoogleService-Info.plist in Resources */,
			);
			runOnlyForDeploymentPostprocessing = 0;
		};
/* End PBXResourcesBuildPhase section */

/* Begin PBXSourcesBuildPhase section */
		46C8745F2F1C2BC6008C3619 /* Sources */ = {
			isa = PBXSourcesBuildPhase;
			buildActionMask = 2147483647;
			files = (
			);
			runOnlyForDeploymentPostprocessing = 0;
		};
		46D9958B2C6E90EC00D4951C /* Sources */ = {
			isa = PBXSourcesBuildPhase;
			buildActionMask = 2147483647;
			files = (
				469E54332E765142001ECD36 /* SessionManager.swift in Sources */,
				46D995932C6E90EC00D4951C /* AppDelegate.swift in Sources */,
				46D820AA2F09DD2F00FAA836 /* HomeTableViewAdapter.swift in Sources */,
				464001B62F08853F00A8C905 /* NewsViewModel.swift in Sources */,
				46CDF4BF2F10A09D00F280E6 /* DividerView.swift in Sources */,
				464001B72F08853F00A8C905 /* UIView+Layout.swift in Sources */,
				464001BA2F08853F00A8C905 /* FavoritosViewModel.swift in Sources */,
				46C874542F1B6C26008C3619 /* NotificationService.swift in Sources */,
				464009BB2F098D4F00A8C905 /* Logger.swift in Sources */,
				464009BC2F098D4F00A8C905 /* FirestoreConstants.swift in Sources */,
				46EC8E1A2F1325EC006A838D /* AperturaFixtureData.swift in Sources */,
				46EC8E1E2F133DA0006A838D /* ObserveMatchesUseCase.swift in Sources */,
				464009BD2F098D4F00A8C905 /* FirestoreManager.swift in Sources */,
				464009CF2F098D8D00A8C905 /* LogoutUseCase.swift in Sources */,
				464009D02F098D8D00A8C905 /* LoginUseCase.swift in Sources */,
				464009D12F098D8D00A8C905 /* FetchTeamsUseCase.swift in Sources */,
				46CDF4822F1061FC00F280E6 /* JornadaDTO.swift in Sources */,
				46CDF4832F1061FC00F280E6 /* MatchDTO.swift in Sources */,
				46CDF4842F1061FC00F280E6 /* NewsItemDTO.swift in Sources */,
				46CDF4852F1061FC00F280E6 /* TeamDTO.swift in Sources */,
				464009D22F098D8D00A8C905 /* FetchActiveJornadasUseCase.swift in Sources */,
				464009D32F098D8D00A8C905 /* ObserveFavoritesUseCase.swift in Sources */,
				464009D42F098D8D00A8C905 /* FetchNewsUseCase.swift in Sources */,
				464009D52F098D8D00A8C905 /* FetchFavoriteMatchesUseCase.swift in Sources */,
				464009D62F098D8D00A8C905 /* RegisterMatchesUseCase.swift in Sources */,
				46EC8E1C2F133475006A838D /* ObserveActiveJornadasUseCase.swift in Sources */,
				464009D72F098D8D00A8C905 /* ToggleFavoriteUseCase.swift in Sources */,
				464009D82F098D8D00A8C905 /* FetchMatchesUseCase.swift in Sources */,
				46C8745B2F1C055D008C3619 /* TeamTableViewCell.swift in Sources */,
				46CDF4B72F10882800F280E6 /* MatchUIMapper.swift in Sources */,
				46CDF4B82F10882800F280E6 /* NewsItemUIMapper.swift in Sources */,
				46CDF4B92F10882800F280E6 /* TeamUIMapper.swift in Sources */,
				46CDF4992F10685700F280E6 /* Match.swift in Sources */,
				464001BB2F08853F00A8C905 /* TeamsRepository.swift in Sources */,
				46CDF4BD2F10885000F280E6 /* TeamUI.swift in Sources */,
				46CDF4712F1058A100F280E6 /* NewsCategory.swift in Sources */,
				464001BD2F08853F00A8C905 /* Color+Extension.swift in Sources */,
				464001C02F08853F00A8C905 /* JornadasRepository.swift in Sources */,
				464001C12F08853F00A8C905 /* EquipoTableViewCell.swift in Sources */,
				46CDF48E2F10625B00F280E6 /* JornadaUI.swift in Sources */,
				464001C22F08853F00A8C905 /* HeaderView.swift in Sources */,
				46D8209B2F09D40900FAA836 /* DatabaseProtocol.swift in Sources */,
				464001C32F08853F00A8C905 /* TorneoType.swift in Sources */,
				46CDF4B12F10877B00F280E6 /* NewsItem.swift in Sources */,
				464001C42F08853F00A8C905 /* EquipoPeruano.swift in Sources */,
				46CDF4A12F1068A300F280E6 /* TeamMapper.swift in Sources */,
				46C874572F1C053E008C3619 /* ObserveFavoriteTeamsUseCase.swift in Sources */,
				46C874582F1C053E008C3619 /* ToggleFavoriteTeamUseCase.swift in Sources */,
				46CDF4A22F1068A300F280E6 /* JornadaMapper.swift in Sources */,
				46CDF4A32F1068A300F280E6 /* NewsItemMapper.swift in Sources */,
				46CDF4A42F1068A300F280E6 /* MatchMapper.swift in Sources */,
				464001C92F08853F00A8C905 /* ProfileViewModel.swift in Sources */,
				464001CD2F08853F00A8C905 /* MatchesRepository.swift in Sources */,
				464001CE2F08853F00A8C905 /* UIStackView+Builder.swift in Sources */,
				464001D02F08853F00A8C905 /* LoginViewModel.swift in Sources */,
				464001D12F08853F00A8C905 /* AdminMatchRepository.swift in Sources */,
				46CDF4AB2F1086F100F280E6 /* NewsRepositoryProtocol.swift in Sources */,
				46CDF4AC2F1086F100F280E6 /* AdminMatchRepositoryProtocol.swift in Sources */,
				46CDF4AD2F1086F100F280E6 /* MatchesRepositoryProtocol.swift in Sources */,
				46C8745D2F1C0576008C3619 /* TeamSearchModalViewController.swift in Sources */,
				46CDF4AE2F1086F100F280E6 /* JornadasRepositoryProtocol.swift in Sources */,
				46CDF4AF2F1086F100F280E6 /* TeamsRepositoryProtocol.swift in Sources */,
				46CDF4BB2F10884600F280E6 /* NewsItemUI.swift in Sources */,
				46D820A62F09DD0500FAA836 /* LoginCoordinator.swift in Sources */,
				46D820A72F09DD0500FAA836 /* AppCoordinator.swift in Sources */,
				46D820A82F09DD0500FAA836 /* Coordinator.swift in Sources */,
				464001D22F08853F00A8C905 /* AuthService.swift in Sources */,
				464001D42F08853F00A8C905 /* LayoutPresets.swift in Sources */,
				464009DA2F098DBB00A8C905 /* RegistrarPartidosViewModel.swift in Sources */,
				464001D52F08853F00A8C905 /* HomeViewModel.swift in Sources */,
				464009F12F098DF600A8C905 /* NewsViewController.swift in Sources */,
				464009F32F098DF600A8C905 /* LoginViewController.swift in Sources */,
				46CDF49B2F10686F00F280E6 /* MatchUI.swift in Sources */,
				464009F42F098DF600A8C905 /* HomeViewController.swift in Sources */,
				464009F52F098DF600A8C905 /* MainTabBarController.swift in Sources */,
				464009F62F098DF600A8C905 /* ProfileViewController.swift in Sources */,
				46400A002F098EB800A8C905 /* DIContainer.swift in Sources */,
				464009F72F098DF600A8C905 /* NewsHeaderWrapperCell.swift in Sources */,
				464009F82F098DF600A8C905 /* TablaViewController.swift in Sources */,
				464009F92F098DF600A8C905 /* TorneoViewController+TableView.swift in Sources */,
				464009FA2F098DF600A8C905 /* RegistrarPartidosViewController.swift in Sources */,
				464009FB2F098DF600A8C905 /* ProfileViewController+TableView.swift in Sources */,
				464009FC2F098DF600A8C905 /* NewsViewController+TableView.swift in Sources */,
				464009FD2F098DF600A8C905 /* FavoritosViewController.swift in Sources */,
				464001D72F08853F00A8C905 /* NewsRepository.swift in Sources */,
				46CDF4B32F10878400F280E6 /* Team.swift in Sources */,
				464001D92F08853F00A8C905 /* NewsCell.swift in Sources */,
				464001DA2F08853F00A8C905 /* TorneoViewModel.swift in Sources */,
				464001DB2F08853F00A8C905 /* MatchTableViewCell.swift in Sources */,
				46D8209E2F09D71600FAA836 /* AuthProvider.swift in Sources */,
				464001DD2F08853F00A8C905 /* TablePosition.swift in Sources */,
				464001DE2F08853F00A8C905 /* NewsHeaderView.swift in Sources */,
				46CDF4782F1061E600F280E6 /* Jornada.swift in Sources */,
				46CDF4882F10623000F280E6 /* JornadaUIMapper.swift in Sources */,
				464001E12F08853F00A8C905 /* FavoritesService.swift in Sources */,
				46D995952C6E90EC00D4951C /* SceneDelegate.swift in Sources */,
				464009B42F098D2000A8C905 /* UIViewController+Alert.swift in Sources */,
			);
			runOnlyForDeploymentPostprocessing = 0;
		};
/* End PBXSourcesBuildPhase section */

/* Begin PBXTargetDependency section */
		46C874692F1C2BC7008C3619 /* PBXTargetDependency */ = {
			isa = PBXTargetDependency;
			target = 46C874622F1C2BC6008C3619 /* PushServiceExtension */;
			targetProxy = 46C874682F1C2BC7008C3619 /* PBXContainerItemProxy */;
		};
/* End PBXTargetDependency section */

/* Begin PBXVariantGroup section */
		46D9959D2C6E90EE00D4951C /* LaunchScreen.storyboard */ = {
			isa = PBXVariantGroup;
			children = (
				46D9959E2C6E90EE00D4951C /* Base */,
			);
			name = LaunchScreen.storyboard;
			sourceTree = "<group>";
		};
/* End PBXVariantGroup section */

/* Begin XCBuildConfiguration section */
		46C8746D2F1C2BC7008C3619 /* Debug */ = {
			isa = XCBuildConfiguration;
			buildSettings = {
				CODE_SIGN_IDENTITY = "Apple Development";
				CODE_SIGN_STYLE = Automatic;
				CURRENT_PROJECT_VERSION = 3;
				DEVELOPMENT_TEAM = 8AJBS923B3;
				GENERATE_INFOPLIST_FILE = YES;
				INFOPLIST_FILE = PushServiceExtension/Info.plist;
				INFOPLIST_KEY_CFBundleDisplayName = PushServiceExtension;
				INFOPLIST_KEY_NSHumanReadableCopyright = "";
				IPHONEOS_DEPLOYMENT_TARGET = 18.0;
				LD_RUNPATH_SEARCH_PATHS = (
					"$(inherited)",
					"@executable_path/Frameworks",
					"@executable_path/../../Frameworks",
				);
				MARKETING_VERSION = 1.0.0;
				PRODUCT_BUNDLE_IDENTIFIER = com.rapser.liga1.PushServiceExtension;
				PRODUCT_NAME = "$(TARGET_NAME)";
				SKIP_INSTALL = YES;
				SWIFT_EMIT_LOC_STRINGS = YES;
				SWIFT_VERSION = 5.0;
				TARGETED_DEVICE_FAMILY = "1,2";
			};
			name = Debug;
		};
		46C8746E2F1C2BC7008C3619 /* Release */ = {
			isa = XCBuildConfiguration;
			buildSettings = {
				CODE_SIGN_IDENTITY = "Apple Development";
				CODE_SIGN_STYLE = Automatic;
				CURRENT_PROJECT_VERSION = 3;
				DEVELOPMENT_TEAM = 8AJBS923B3;
				GENERATE_INFOPLIST_FILE = YES;
				INFOPLIST_FILE = PushServiceExtension/Info.plist;
				INFOPLIST_KEY_CFBundleDisplayName = PushServiceExtension;
				INFOPLIST_KEY_NSHumanReadableCopyright = "";
				IPHONEOS_DEPLOYMENT_TARGET = 18.0;
				LD_RUNPATH_SEARCH_PATHS = (
					"$(inherited)",
					"@executable_path/Frameworks",
					"@executable_path/../../Frameworks",
				);
				MARKETING_VERSION = 1.0.0;
				PRODUCT_BUNDLE_IDENTIFIER = com.rapser.liga1.PushServiceExtension;
				PRODUCT_NAME = "$(TARGET_NAME)";
				SKIP_INSTALL = YES;
				SWIFT_EMIT_LOC_STRINGS = YES;
				SWIFT_VERSION = 5.0;
				TARGETED_DEVICE_FAMILY = "1,2";
			};
			name = Release;
		};
		46D995A12C6E90EE00D4951C /* Debug */ = {
			isa = XCBuildConfiguration;
			buildSettings = {
				ALWAYS_SEARCH_USER_PATHS = NO;
				ASSETCATALOG_COMPILER_GENERATE_SWIFT_ASSET_SYMBOL_EXTENSIONS = YES;
				CLANG_ANALYZER_NONNULL = YES;
				CLANG_ANALYZER_NUMBER_OBJECT_CONVERSION = YES_AGGRESSIVE;
				CLANG_CXX_LANGUAGE_STANDARD = "gnu++20";
				CLANG_ENABLE_MODULES = YES;
				CLANG_ENABLE_OBJC_ARC = YES;
				CLANG_ENABLE_OBJC_WEAK = YES;
				CLANG_WARN_BLOCK_CAPTURE_AUTORELEASING = YES;
				CLANG_WARN_BOOL_CONVERSION = YES;
				CLANG_WARN_COMMA = YES;
				CLANG_WARN_CONSTANT_CONVERSION = YES;
				CLANG_WARN_DEPRECATED_OBJC_IMPLEMENTATIONS = YES;
				CLANG_WARN_DIRECT_OBJC_ISA_USAGE = YES_ERROR;
				CLANG_WARN_DOCUMENTATION_COMMENTS = YES;
				CLANG_WARN_EMPTY_BODY = YES;
				CLANG_WARN_ENUM_CONVERSION = YES;
				CLANG_WARN_INFINITE_RECURSION = YES;
				CLANG_WARN_INT_CONVERSION = YES;
				CLANG_WARN_NON_LITERAL_NULL_CONVERSION = YES;
				CLANG_WARN_OBJC_IMPLICIT_RETAIN_SELF = YES;
				CLANG_WARN_OBJC_LITERAL_CONVERSION = YES;
				CLANG_WARN_OBJC_ROOT_CLASS = YES_ERROR;
				CLANG_WARN_QUOTED_INCLUDE_IN_FRAMEWORK_HEADER = YES;
				CLANG_WARN_RANGE_LOOP_ANALYSIS = YES;
				CLANG_WARN_STRICT_PROTOTYPES = YES;
				CLANG_WARN_SUSPICIOUS_MOVE = YES;
				CLANG_WARN_UNGUARDED_AVAILABILITY = YES_AGGRESSIVE;
				CLANG_WARN_UNREACHABLE_CODE = YES;
				CLANG_WARN__DUPLICATE_METHOD_MATCH = YES;
				COPY_PHASE_STRIP = NO;
				DEBUG_INFORMATION_FORMAT = dwarf;
				DEVELOPMENT_TEAM = P6FCYRT7JM;
				ENABLE_STRICT_OBJC_MSGSEND = YES;
				ENABLE_TESTABILITY = YES;
				ENABLE_USER_SCRIPT_SANDBOXING = YES;
				GCC_C_LANGUAGE_STANDARD = gnu17;
				GCC_DYNAMIC_NO_PIC = NO;
				GCC_NO_COMMON_BLOCKS = YES;
				GCC_OPTIMIZATION_LEVEL = 0;
				GCC_PREPROCESSOR_DEFINITIONS = (
					"DEBUG=1",
					"$(inherited)",
				);
				GCC_WARN_64_TO_32_BIT_CONVERSION = YES;
				GCC_WARN_ABOUT_RETURN_TYPE = YES_ERROR;
				GCC_WARN_UNDECLARED_SELECTOR = YES;
				GCC_WARN_UNINITIALIZED_AUTOS = YES_AGGRESSIVE;
				GCC_WARN_UNUSED_FUNCTION = YES;
				GCC_WARN_UNUSED_VARIABLE = YES;
				IPHONEOS_DEPLOYMENT_TARGET = 17.5;
				LOCALIZATION_PREFERS_STRING_CATALOGS = YES;
				MTL_ENABLE_DEBUG_INFO = INCLUDE_SOURCE;
				MTL_FAST_MATH = YES;
				ONLY_ACTIVE_ARCH = YES;
				SDKROOT = iphoneos;
				SWIFT_ACTIVE_COMPILATION_CONDITIONS = "DEBUG $(inherited)";
				SWIFT_OPTIMIZATION_LEVEL = "-Onone";
			};
			name = Debug;
		};
		46D995A22C6E90EE00D4951C /* Release */ = {
			isa = XCBuildConfiguration;
			buildSettings = {
				ALWAYS_SEARCH_USER_PATHS = NO;
				ASSETCATALOG_COMPILER_GENERATE_SWIFT_ASSET_SYMBOL_EXTENSIONS = YES;
				CLANG_ANALYZER_NONNULL = YES;
				CLANG_ANALYZER_NUMBER_OBJECT_CONVERSION = YES_AGGRESSIVE;
				CLANG_CXX_LANGUAGE_STANDARD = "gnu++20";
				CLANG_ENABLE_MODULES = YES;
				CLANG_ENABLE_OBJC_ARC = YES;
				CLANG_ENABLE_OBJC_WEAK = YES;
				CLANG_WARN_BLOCK_CAPTURE_AUTORELEASING = YES;
				CLANG_WARN_BOOL_CONVERSION = YES;
				CLANG_WARN_COMMA = YES;
				CLANG_WARN_CONSTANT_CONVERSION = YES;
				CLANG_WARN_DEPRECATED_OBJC_IMPLEMENTATIONS = YES;
				CLANG_WARN_DIRECT_OBJC_ISA_USAGE = YES_ERROR;
				CLANG_WARN_DOCUMENTATION_COMMENTS = YES;
				CLANG_WARN_EMPTY_BODY = YES;
				CLANG_WARN_ENUM_CONVERSION = YES;
				CLANG_WARN_INFINITE_RECURSION = YES;
				CLANG_WARN_INT_CONVERSION = YES;
				CLANG_WARN_NON_LITERAL_NULL_CONVERSION = YES;
				CLANG_WARN_OBJC_IMPLICIT_RETAIN_SELF = YES;
				CLANG_WARN_OBJC_LITERAL_CONVERSION = YES;
				CLANG_WARN_OBJC_ROOT_CLASS = YES_ERROR;
				CLANG_WARN_QUOTED_INCLUDE_IN_FRAMEWORK_HEADER = YES;
				CLANG_WARN_RANGE_LOOP_ANALYSIS = YES;
				CLANG_WARN_STRICT_PROTOTYPES = YES;
				CLANG_WARN_SUSPICIOUS_MOVE = YES;
				CLANG_WARN_UNGUARDED_AVAILABILITY = YES_AGGRESSIVE;
				CLANG_WARN_UNREACHABLE_CODE = YES;
				CLANG_WARN__DUPLICATE_METHOD_MATCH = YES;
				COPY_PHASE_STRIP = NO;
				DEBUG_INFORMATION_FORMAT = "dwarf-with-dsym";
				DEVELOPMENT_TEAM = P6FCYRT7JM;
				ENABLE_NS_ASSERTIONS = NO;
				ENABLE_STRICT_OBJC_MSGSEND = YES;
				ENABLE_USER_SCRIPT_SANDBOXING = YES;
				GCC_C_LANGUAGE_STANDARD = gnu17;
				GCC_NO_COMMON_BLOCKS = YES;
				GCC_WARN_64_TO_32_BIT_CONVERSION = YES;
				GCC_WARN_ABOUT_RETURN_TYPE = YES_ERROR;
				GCC_WARN_UNDECLARED_SELECTOR = YES;
				GCC_WARN_UNINITIALIZED_AUTOS = YES_AGGRESSIVE;
				GCC_WARN_UNUSED_FUNCTION = YES;
				GCC_WARN_UNUSED_VARIABLE = YES;
				IPHONEOS_DEPLOYMENT_TARGET = 17.5;
				LOCALIZATION_PREFERS_STRING_CATALOGS = YES;
				MTL_ENABLE_DEBUG_INFO = NO;
				MTL_FAST_MATH = YES;
				SDKROOT = iphoneos;
				SWIFT_COMPILATION_MODE = wholemodule;
				VALIDATE_PRODUCT = YES;
			};
			name = Release;
		};
		46D995A42C6E90EE00D4951C /* Debug */ = {
			isa = XCBuildConfiguration;
			buildSettings = {
				ASSETCATALOG_COMPILER_APPICON_NAME = AppIcon;
				ASSETCATALOG_COMPILER_GLOBAL_ACCENT_COLOR_NAME = AccentColor;
				CODE_SIGN_ENTITLEMENTS = liga1/liga1.entitlements;
				CODE_SIGN_IDENTITY = "Apple Development";
				CODE_SIGN_STYLE = Automatic;
				CURRENT_PROJECT_VERSION = 3;
				DEVELOPMENT_TEAM = 8AJBS923B3;
				GENERATE_INFOPLIST_FILE = YES;
				INFOPLIST_FILE = liga1/Resources/Info.plist;
				INFOPLIST_KEY_ITSAppUsesNonExemptEncryption = NO;
				INFOPLIST_KEY_UIApplicationSupportsIndirectInputEvents = YES;
				INFOPLIST_KEY_UILaunchStoryboardName = LaunchScreen;
				INFOPLIST_KEY_UIMainStoryboardFile = "";
				INFOPLIST_KEY_UISupportedInterfaceOrientations = UIInterfaceOrientationPortrait;
				INFOPLIST_KEY_UISupportedInterfaceOrientations_iPad = "UIInterfaceOrientationLandscapeLeft UIInterfaceOrientationLandscapeRight UIInterfaceOrientationPortrait UIInterfaceOrientationPortraitUpsideDown";
				IPHONEOS_DEPLOYMENT_TARGET = 18.0;
				LD_RUNPATH_SEARCH_PATHS = (
					"$(inherited)",
					"@executable_path/Frameworks",
				);
				MARKETING_VERSION = 1.0.0;
				PRODUCT_BUNDLE_IDENTIFIER = com.rapser.liga1;
				PRODUCT_NAME = "$(TARGET_NAME)";
				PROVISIONING_PROFILE_SPECIFIER = "";
				SWIFT_EMIT_LOC_STRINGS = YES;
				SWIFT_VERSION = 5.0;
				TARGETED_DEVICE_FAMILY = "1,2";
			};
			name = Debug;
		};
		46D995A52C6E90EE00D4951C /* Release */ = {
			isa = XCBuildConfiguration;
			buildSettings = {
				ASSETCATALOG_COMPILER_APPICON_NAME = AppIcon;
				ASSETCATALOG_COMPILER_GLOBAL_ACCENT_COLOR_NAME = AccentColor;
				CODE_SIGN_ENTITLEMENTS = liga1/liga1.entitlements;
				CODE_SIGN_IDENTITY = "Apple Development";
				CODE_SIGN_STYLE = Automatic;
				CURRENT_PROJECT_VERSION = 3;
				DEVELOPMENT_TEAM = 8AJBS923B3;
				GENERATE_INFOPLIST_FILE = YES;
				INFOPLIST_FILE = liga1/Resources/Info.plist;
				INFOPLIST_KEY_ITSAppUsesNonExemptEncryption = NO;
				INFOPLIST_KEY_UIApplicationSupportsIndirectInputEvents = YES;
				INFOPLIST_KEY_UILaunchStoryboardName = LaunchScreen;
				INFOPLIST_KEY_UIMainStoryboardFile = "";
				INFOPLIST_KEY_UISupportedInterfaceOrientations = UIInterfaceOrientationPortrait;
				INFOPLIST_KEY_UISupportedInterfaceOrientations_iPad = "UIInterfaceOrientationLandscapeLeft UIInterfaceOrientationLandscapeRight UIInterfaceOrientationPortrait UIInterfaceOrientationPortraitUpsideDown";
				IPHONEOS_DEPLOYMENT_TARGET = 18.0;
				LD_RUNPATH_SEARCH_PATHS = (
					"$(inherited)",
					"@executable_path/Frameworks",
				);
				MARKETING_VERSION = 1.0.0;
				PRODUCT_BUNDLE_IDENTIFIER = com.rapser.liga1;
				PRODUCT_NAME = "$(TARGET_NAME)";
				PROVISIONING_PROFILE_SPECIFIER = "";
				SWIFT_EMIT_LOC_STRINGS = YES;
				SWIFT_VERSION = 5.0;
				TARGETED_DEVICE_FAMILY = "1,2";
			};
			name = Release;
		};
/* End XCBuildConfiguration section */

/* Begin XCConfigurationList section */
		46C8746C2F1C2BC7008C3619 /* Build configuration list for PBXNativeTarget "PushServiceExtension" */ = {
			isa = XCConfigurationList;
			buildConfigurations = (
				46C8746D2F1C2BC7008C3619 /* Debug */,
				46C8746E2F1C2BC7008C3619 /* Release */,
			);
			defaultConfigurationIsVisible = 0;
			defaultConfigurationName = Release;
		};
		46D9958A2C6E90EC00D4951C /* Build configuration list for PBXProject "liga1" */ = {
			isa = XCConfigurationList;
			buildConfigurations = (
				46D995A12C6E90EE00D4951C /* Debug */,
				46D995A22C6E90EE00D4951C /* Release */,
			);
			defaultConfigurationIsVisible = 0;
			defaultConfigurationName = Release;
		};
		46D995A32C6E90EE00D4951C /* Build configuration list for PBXNativeTarget "liga1" */ = {
			isa = XCConfigurationList;
			buildConfigurations = (
				46D995A42C6E90EE00D4951C /* Debug */,
				46D995A52C6E90EE00D4951C /* Release */,
			);
			defaultConfigurationIsVisible = 0;
			defaultConfigurationName = Release;
		};
/* End XCConfigurationList section */

/* Begin XCRemoteSwiftPackageReference section */
		4613A7F42CCF2A7E0070034C /* XCRemoteSwiftPackageReference "GoogleSignIn-iOS" */ = {
			isa = XCRemoteSwiftPackageReference;
			repositoryURL = "https://github.com/google/GoogleSignIn-iOS";
			requirement = {
				kind = upToNextMajorVersion;
				minimumVersion = 8.0.0;
			};
		};
		469E54402E767199001ECD36 /* XCRemoteSwiftPackageReference "Kingfisher" */ = {
			isa = XCRemoteSwiftPackageReference;
			repositoryURL = "https://github.com/onevcat/Kingfisher.git";
			requirement = {
				kind = upToNextMajorVersion;
				minimumVersion = 8.5.0;
			};
		};
		46D995A62C6E925600D4951C /* XCRemoteSwiftPackageReference "firebase-ios-sdk" */ = {
			isa = XCRemoteSwiftPackageReference;
			repositoryURL = "https://github.com/firebase/firebase-ios-sdk";
			requirement = {
				kind = upToNextMajorVersion;
				minimumVersion = 11.0.0;
			};
		};
/* End XCRemoteSwiftPackageReference section */

/* Begin XCSwiftPackageProductDependency section */
		4613A7F22CCF2A1F0070034C /* FirebaseAuth */ = {
			isa = XCSwiftPackageProductDependency;
			productName = FirebaseAuth;
		};
		4613A7F52CCF2A7E0070034C /* GoogleSignIn */ = {
			isa = XCSwiftPackageProductDependency;
			package = 4613A7F42CCF2A7E0070034C /* XCRemoteSwiftPackageReference "GoogleSignIn-iOS" */;
			productName = GoogleSignIn;
		};
		4613A7F72CCF2A7E0070034C /* GoogleSignInSwift */ = {
			isa = XCSwiftPackageProductDependency;
			package = 4613A7F42CCF2A7E0070034C /* XCRemoteSwiftPackageReference "GoogleSignIn-iOS" */;
			productName = GoogleSignInSwift;
		};
		46222A522C712CBA001678DF /* FirebaseDatabase */ = {
			isa = XCSwiftPackageProductDependency;
			productName = FirebaseDatabase;
		};
		46222A542C712D15001678DF /* FirebaseDatabase */ = {
			isa = XCSwiftPackageProductDependency;
			productName = FirebaseDatabase;
		};
		46222A562C712D15001678DF /* FirebaseInstallations */ = {
			isa = XCSwiftPackageProductDependency;
			productName = FirebaseInstallations;
		};
		469E54412E767199001ECD36 /* Kingfisher */ = {
			isa = XCSwiftPackageProductDependency;
			package = 469E54402E767199001ECD36 /* XCRemoteSwiftPackageReference "Kingfisher" */;
			productName = Kingfisher;
		};
		46D995A72C6E925600D4951C /* FirebaseDynamicLinks */ = {
			isa = XCSwiftPackageProductDependency;
			package = 46D995A62C6E925600D4951C /* XCRemoteSwiftPackageReference "firebase-ios-sdk" */;
			productName = FirebaseDynamicLinks;
		};
		46D995A92C6E925600D4951C /* FirebaseFirestore */ = {
			isa = XCSwiftPackageProductDependency;
			package = 46D995A62C6E925600D4951C /* XCRemoteSwiftPackageReference "firebase-ios-sdk" */;
			productName = FirebaseFirestore;
		};
		46D995AB2C6E925600D4951C /* FirebaseMessaging */ = {
			isa = XCSwiftPackageProductDependency;
			package = 46D995A62C6E925600D4951C /* XCRemoteSwiftPackageReference "firebase-ios-sdk" */;
			productName = FirebaseMessaging;
		};
		46D995AD2C6E925600D4951C /* FirebaseStorage */ = {
			isa = XCSwiftPackageProductDependency;
			package = 46D995A62C6E925600D4951C /* XCRemoteSwiftPackageReference "firebase-ios-sdk" */;
			productName = FirebaseStorage;
		};
/* End XCSwiftPackageProductDependency section */
	};
	rootObject = 46D995872C6E90EC00D4951C /* Project object */;
}
